// !$*UTF8*$!
{
	archiveVersion = 1;
	classes = {
	};
	objectVersion = 46;
	objects = {

/* Begin PBXBuildFile section */
		57167043207860AB0005E15A /* cJSON.h in Headers */ = {isa = PBXBuildFile; fileRef = 57167041207860AB0005E15A /* cJSON.h */; };
		57167044207860AB0005E15A /* cJSON.c in Sources */ = {isa = PBXBuildFile; fileRef = 57167042207860AB0005E15A /* cJSON.c */; };
		577857F420AA828600218129 /* wsh_color.c in Sources */ = {isa = PBXBuildFile; fileRef = 577857BA20AA828600218129 /* wsh_color.c */; };
		577857F520AA828600218129 /* wsh_tool.h in Headers */ = {isa = PBXBuildFile; fileRef = 577857BB20AA828600218129 /* wsh_tool.h */; };
		577857F620AA828600218129 /* wsh_color.h in Headers */ = {isa = PBXBuildFile; fileRef = 577857BC20AA828600218129 /* wsh_color.h */; };
		577857F720AA828600218129 /* wsh_tool.c in Sources */ = {isa = PBXBuildFile; fileRef = 577857BD20AA828600218129 /* wsh_tool.c */; };
		577857F820AA828600218129 /* wsh_line_ops.h in Headers */ = {isa = PBXBuildFile; fileRef = 577857BF20AA828600218129 /* wsh_line_ops.h */; };
		577857F920AA828600218129 /* wsh_math.h in Headers */ = {isa = PBXBuildFile; fileRef = 577857C020AA828600218129 /* wsh_math.h */; };
		577857FA20AA828600218129 /* wsh_ops_point.h in Headers */ = {isa = PBXBuildFile; fileRef = 577857C120AA828600218129 /* wsh_ops_point.h */; };
		577857FB20AA828600218129 /* wsh_anl.c in Sources */ = {isa = PBXBuildFile; fileRef = 577857C220AA828600218129 /* wsh_anl.c */; };
		577857FC20AA828600218129 /* wsh_sequence_ops.c in Sources */ = {isa = PBXBuildFile; fileRef = 577857C320AA828600218129 /* wsh_sequence_ops.c */; };
		577857FD20AA828600218129 /* wsh_line_ops.c in Sources */ = {isa = PBXBuildFile; fileRef = 577857C420AA828600218129 /* wsh_line_ops.c */; };
		577857FE20AA828600218129 /* wsh_ops_point.c in Sources */ = {isa = PBXBuildFile; fileRef = 577857C520AA828600218129 /* wsh_ops_point.c */; };
		577857FF20AA828600218129 /* wsh_sequence_ops.h in Headers */ = {isa = PBXBuildFile; fileRef = 577857C620AA828600218129 /* wsh_sequence_ops.h */; };
		5778580020AA828600218129 /* wsh_anl.h in Headers */ = {isa = PBXBuildFile; fileRef = 577857C720AA828600218129 /* wsh_anl.h */; };
		5778580120AA828600218129 /* wsh_io.h in Headers */ = {isa = PBXBuildFile; fileRef = 577857C920AA828600218129 /* wsh_io.h */; };
		5778580220AA828600218129 /* wsh_io.c in Sources */ = {isa = PBXBuildFile; fileRef = 577857CA20AA828600218129 /* wsh_io.c */; };
		5778580320AA828600218129 /* wsh_rect.h in Headers */ = {isa = PBXBuildFile; fileRef = 577857CC20AA828600218129 /* wsh_rect.h */; };
		5778580420AA828600218129 /* wsh_color.c in Sources */ = {isa = PBXBuildFile; fileRef = 577857CD20AA828600218129 /* wsh_color.c */; };
		5778580520AA828600218129 /* wsh_transform.h in Headers */ = {isa = PBXBuildFile; fileRef = 577857CE20AA828600218129 /* wsh_transform.h */; };
		5778580620AA828600218129 /* wsh_layer.c in Sources */ = {isa = PBXBuildFile; fileRef = 577857CF20AA828600218129 /* wsh_layer.c */; };
		5778580720AA828600218129 /* wsh_object.h in Headers */ = {isa = PBXBuildFile; fileRef = 577857D020AA828600218129 /* wsh_object.h */; };
		5778580820AA828600218129 /* wsh_point.c in Sources */ = {isa = PBXBuildFile; fileRef = 577857D120AA828600218129 /* wsh_point.c */; };
		5778580920AA828600218129 /* wsh_document.c in Sources */ = {isa = PBXBuildFile; fileRef = 577857D220AA828600218129 /* wsh_document.c */; };
		5778580A20AA828600218129 /* wsh_sequence.c in Sources */ = {isa = PBXBuildFile; fileRef = 577857D320AA828600218129 /* wsh_sequence.c */; };
		5778580B20AA828600218129 /* wsh_point_a.c in Sources */ = {isa = PBXBuildFile; fileRef = 577857D420AA828600218129 /* wsh_point_a.c */; };
		5778580C20AA828600218129 /* wsh_line.h in Headers */ = {isa = PBXBuildFile; fileRef = 577857D520AA828600218129 /* wsh_line.h */; };
		5778580D20AA828600218129 /* wsh_node.c in Sources */ = {isa = PBXBuildFile; fileRef = 577857D620AA828600218129 /* wsh_node.c */; };
		5778580E20AA828600218129 /* wsh_transform.c in Sources */ = {isa = PBXBuildFile; fileRef = 577857D720AA828600218129 /* wsh_transform.c */; };
		5778580F20AA828600218129 /* wsh_color.h in Headers */ = {isa = PBXBuildFile; fileRef = 577857D820AA828600218129 /* wsh_color.h */; };
		5778581020AA828600218129 /* wsh_rect.c in Sources */ = {isa = PBXBuildFile; fileRef = 577857D920AA828600218129 /* wsh_rect.c */; };
		5778581120AA828600218129 /* wsh_object.c in Sources */ = {isa = PBXBuildFile; fileRef = 577857DA20AA828600218129 /* wsh_object.c */; };
		5778581220AA828600218129 /* wsh_layer.h in Headers */ = {isa = PBXBuildFile; fileRef = 577857DB20AA828600218129 /* wsh_layer.h */; };
		5778581320AA828600218129 /* wsh_line.c in Sources */ = {isa = PBXBuildFile; fileRef = 577857DC20AA828600218129 /* wsh_line.c */; };
		5778581420AA828600218129 /* wsh_point_a.h in Headers */ = {isa = PBXBuildFile; fileRef = 577857DD20AA828600218129 /* wsh_point_a.h */; };
		5778581520AA828600218129 /* wsh_sequence.h in Headers */ = {isa = PBXBuildFile; fileRef = 577857DE20AA828600218129 /* wsh_sequence.h */; };
		5778581620AA828600218129 /* wsh_point.h in Headers */ = {isa = PBXBuildFile; fileRef = 577857DF20AA828600218129 /* wsh_point.h */; };
		5778581720AA828600218129 /* wsh_document.h in Headers */ = {isa = PBXBuildFile; fileRef = 577857E020AA828600218129 /* wsh_document.h */; };
		5778581820AA828600218129 /* wsh_node.h in Headers */ = {isa = PBXBuildFile; fileRef = 577857E120AA828600218129 /* wsh_node.h */; };
		5778581920AA828600218129 /* wsh_includes.h in Headers */ = {isa = PBXBuildFile; fileRef = 577857E220AA828600218129 /* wsh_includes.h */; };
		5778581A20AA828600218129 /* wsh_sgraph.h in Headers */ = {isa = PBXBuildFile; fileRef = 577857E420AA828600218129 /* wsh_sgraph.h */; };
		5778581B20AA828600218129 /* wsh_sgraph.c in Sources */ = {isa = PBXBuildFile; fileRef = 577857E520AA828600218129 /* wsh_sgraph.c */; };
		5778581C20AA828600218129 /* wsh_serial.h in Headers */ = {isa = PBXBuildFile; fileRef = 577857E720AA828600218129 /* wsh_serial.h */; };
		5778581D20AA828600218129 /* wsh_serial_json.h in Headers */ = {isa = PBXBuildFile; fileRef = 577857E820AA828600218129 /* wsh_serial_json.h */; };
		5778581E20AA828600218129 /* wsh_serial_bin.h in Headers */ = {isa = PBXBuildFile; fileRef = 577857E920AA828600218129 /* wsh_serial_bin.h */; };
		5778581F20AA828600218129 /* wsh_serial_json_wsh_tool.h in Headers */ = {isa = PBXBuildFile; fileRef = 577857EA20AA828600218129 /* wsh_serial_json_wsh_tool.h */; };
		5778582020AA828600218129 /* wsh_serial.c in Sources */ = {isa = PBXBuildFile; fileRef = 577857EB20AA828600218129 /* wsh_serial.c */; };
		5778582120AA828600218129 /* wsh_serial_json_wsh_tool.c in Sources */ = {isa = PBXBuildFile; fileRef = 577857EC20AA828600218129 /* wsh_serial_json_wsh_tool.c */; };
		5778582220AA828600218129 /* wsh_serial_bin.c in Sources */ = {isa = PBXBuildFile; fileRef = 577857ED20AA828600218129 /* wsh_serial_bin.c */; };
		5778582320AA828600218129 /* wsh_serial_json.c in Sources */ = {isa = PBXBuildFile; fileRef = 577857EE20AA828600218129 /* wsh_serial_json.c */; };
		5778582420AA828600218129 /* wsh_session.c in Sources */ = {isa = PBXBuildFile; fileRef = 577857F020AA828600218129 /* wsh_session.c */; };
		5778582520AA828600218129 /* wsh_lib.c in Sources */ = {isa = PBXBuildFile; fileRef = 577857F120AA828600218129 /* wsh_lib.c */; };
		5778582620AA828600218129 /* wsh_session.h in Headers */ = {isa = PBXBuildFile; fileRef = 577857F220AA828600218129 /* wsh_session.h */; };
		5778582720AA828600218129 /* wsh_lib.h in Headers */ = {isa = PBXBuildFile; fileRef = 577857F320AA828600218129 /* wsh_lib.h */; };
		578E35B62086CF9F006281B7 /* wsh_internal.h in Headers */ = {isa = PBXBuildFile; fileRef = 578E35B52086CF9F006281B7 /* wsh_internal.h */; };
		57BED60E2130918F00E7FC63 /* wsh_player.h in Headers */ = {isa = PBXBuildFile; fileRef = 57BED60C2130918F00E7FC63 /* wsh_player.h */; };
		57BED60F2130918F00E7FC63 /* wsh_player.c in Sources */ = {isa = PBXBuildFile; fileRef = 57BED60D2130918F00E7FC63 /* wsh_player.c */; };
		57D5AEA920D85D5E001736EF /* wsh_serial_svg.c in Sources */ = {isa = PBXBuildFile; fileRef = 57D5AEA720D85D5E001736EF /* wsh_serial_svg.c */; };
		57D5AEAA20D85D5E001736EF /* wsh_serial_svg.h in Headers */ = {isa = PBXBuildFile; fileRef = 57D5AEA820D85D5E001736EF /* wsh_serial_svg.h */; };
		57D5AEB320D8667B001736EF /* (null) in Frameworks */ = {isa = PBXBuildFile; };
		57F12DDB1F806D3000564D7C /* wsh.c in Sources */ = {isa = PBXBuildFile; fileRef = 57F12DDA1F806D3000564D7C /* wsh.c */; };
		D1DB87A01F1431BA00BA023B /* wsh.h in Headers */ = {isa = PBXBuildFile; fileRef = D1DB879F1F1431BA00BA023B /* wsh.h */; };
/* End PBXBuildFile section */

/* Begin PBXFileReference section */
		57167041207860AB0005E15A /* cJSON.h */ = {isa = PBXFileReference; fileEncoding = 4; lastKnownFileType = sourcecode.c.h; path = cJSON.h; sourceTree = "<group>"; };
		57167042207860AB0005E15A /* cJSON.c */ = {isa = PBXFileReference; fileEncoding = 4; lastKnownFileType = sourcecode.c.c; path = cJSON.c; sourceTree = "<group>"; };
		577857BA20AA828600218129 /* wsh_color.c */ = {isa = PBXFileReference; fileEncoding = 4; lastKnownFileType = sourcecode.c.c; path = wsh_color.c; sourceTree = "<group>"; };
		577857BB20AA828600218129 /* wsh_tool.h */ = {isa = PBXFileReference; fileEncoding = 4; lastKnownFileType = sourcecode.c.h; path = wsh_tool.h; sourceTree = "<group>"; };
		577857BC20AA828600218129 /* wsh_color.h */ = {isa = PBXFileReference; fileEncoding = 4; lastKnownFileType = sourcecode.c.h; path = wsh_color.h; sourceTree = "<group>"; };
		577857BD20AA828600218129 /* wsh_tool.c */ = {isa = PBXFileReference; fileEncoding = 4; lastKnownFileType = sourcecode.c.c; path = wsh_tool.c; sourceTree = "<group>"; };
		577857BF20AA828600218129 /* wsh_line_ops.h */ = {isa = PBXFileReference; fileEncoding = 4; lastKnownFileType = sourcecode.c.h; path = wsh_line_ops.h; sourceTree = "<group>"; };
		577857C020AA828600218129 /* wsh_math.h */ = {isa = PBXFileReference; fileEncoding = 4; lastKnownFileType = sourcecode.c.h; path = wsh_math.h; sourceTree = "<group>"; };
		577857C120AA828600218129 /* wsh_ops_point.h */ = {isa = PBXFileReference; fileEncoding = 4; lastKnownFileType = sourcecode.c.h; path = wsh_ops_point.h; sourceTree = "<group>"; };
		577857C220AA828600218129 /* wsh_anl.c */ = {isa = PBXFileReference; fileEncoding = 4; lastKnownFileType = sourcecode.c.c; path = wsh_anl.c; sourceTree = "<group>"; };
		577857C320AA828600218129 /* wsh_sequence_ops.c */ = {isa = PBXFileReference; fileEncoding = 4; lastKnownFileType = sourcecode.c.c; path = wsh_sequence_ops.c; sourceTree = "<group>"; };
		577857C420AA828600218129 /* wsh_line_ops.c */ = {isa = PBXFileReference; fileEncoding = 4; lastKnownFileType = sourcecode.c.c; path = wsh_line_ops.c; sourceTree = "<group>"; };
		577857C520AA828600218129 /* wsh_ops_point.c */ = {isa = PBXFileReference; fileEncoding = 4; lastKnownFileType = sourcecode.c.c; path = wsh_ops_point.c; sourceTree = "<group>"; };
		577857C620AA828600218129 /* wsh_sequence_ops.h */ = {isa = PBXFileReference; fileEncoding = 4; lastKnownFileType = sourcecode.c.h; path = wsh_sequence_ops.h; sourceTree = "<group>"; };
		577857C720AA828600218129 /* wsh_anl.h */ = {isa = PBXFileReference; fileEncoding = 4; lastKnownFileType = sourcecode.c.h; path = wsh_anl.h; sourceTree = "<group>"; };
		577857C920AA828600218129 /* wsh_io.h */ = {isa = PBXFileReference; fileEncoding = 4; lastKnownFileType = sourcecode.c.h; path = wsh_io.h; sourceTree = "<group>"; };
		577857CA20AA828600218129 /* wsh_io.c */ = {isa = PBXFileReference; fileEncoding = 4; lastKnownFileType = sourcecode.c.c; path = wsh_io.c; sourceTree = "<group>"; };
		577857CC20AA828600218129 /* wsh_rect.h */ = {isa = PBXFileReference; fileEncoding = 4; lastKnownFileType = sourcecode.c.h; path = wsh_rect.h; sourceTree = "<group>"; };
		577857CD20AA828600218129 /* wsh_color.c */ = {isa = PBXFileReference; fileEncoding = 4; lastKnownFileType = sourcecode.c.c; path = wsh_color.c; sourceTree = "<group>"; };
		577857CE20AA828600218129 /* wsh_transform.h */ = {isa = PBXFileReference; fileEncoding = 4; lastKnownFileType = sourcecode.c.h; path = wsh_transform.h; sourceTree = "<group>"; };
		577857CF20AA828600218129 /* wsh_layer.c */ = {isa = PBXFileReference; fileEncoding = 4; lastKnownFileType = sourcecode.c.c; path = wsh_layer.c; sourceTree = "<group>"; };
		577857D020AA828600218129 /* wsh_object.h */ = {isa = PBXFileReference; fileEncoding = 4; lastKnownFileType = sourcecode.c.h; path = wsh_object.h; sourceTree = "<group>"; };
		577857D120AA828600218129 /* wsh_point.c */ = {isa = PBXFileReference; fileEncoding = 4; lastKnownFileType = sourcecode.c.c; path = wsh_point.c; sourceTree = "<group>"; };
		577857D220AA828600218129 /* wsh_document.c */ = {isa = PBXFileReference; fileEncoding = 4; lastKnownFileType = sourcecode.c.c; path = wsh_document.c; sourceTree = "<group>"; };
		577857D320AA828600218129 /* wsh_sequence.c */ = {isa = PBXFileReference; fileEncoding = 4; lastKnownFileType = sourcecode.c.c; path = wsh_sequence.c; sourceTree = "<group>"; };
		577857D420AA828600218129 /* wsh_point_a.c */ = {isa = PBXFileReference; fileEncoding = 4; lastKnownFileType = sourcecode.c.c; path = wsh_point_a.c; sourceTree = "<group>"; };
		577857D520AA828600218129 /* wsh_line.h */ = {isa = PBXFileReference; fileEncoding = 4; lastKnownFileType = sourcecode.c.h; path = wsh_line.h; sourceTree = "<group>"; };
		577857D620AA828600218129 /* wsh_node.c */ = {isa = PBXFileReference; fileEncoding = 4; lastKnownFileType = sourcecode.c.c; path = wsh_node.c; sourceTree = "<group>"; };
		577857D720AA828600218129 /* wsh_transform.c */ = {isa = PBXFileReference; fileEncoding = 4; lastKnownFileType = sourcecode.c.c; path = wsh_transform.c; sourceTree = "<group>"; };
		577857D820AA828600218129 /* wsh_color.h */ = {isa = PBXFileReference; fileEncoding = 4; lastKnownFileType = sourcecode.c.h; path = wsh_color.h; sourceTree = "<group>"; };
		577857D920AA828600218129 /* wsh_rect.c */ = {isa = PBXFileReference; fileEncoding = 4; lastKnownFileType = sourcecode.c.c; path = wsh_rect.c; sourceTree = "<group>"; };
		577857DA20AA828600218129 /* wsh_object.c */ = {isa = PBXFileReference; fileEncoding = 4; lastKnownFileType = sourcecode.c.c; path = wsh_object.c; sourceTree = "<group>"; };
		577857DB20AA828600218129 /* wsh_layer.h */ = {isa = PBXFileReference; fileEncoding = 4; lastKnownFileType = sourcecode.c.h; path = wsh_layer.h; sourceTree = "<group>"; };
		577857DC20AA828600218129 /* wsh_line.c */ = {isa = PBXFileReference; fileEncoding = 4; lastKnownFileType = sourcecode.c.c; path = wsh_line.c; sourceTree = "<group>"; };
		577857DD20AA828600218129 /* wsh_point_a.h */ = {isa = PBXFileReference; fileEncoding = 4; lastKnownFileType = sourcecode.c.h; path = wsh_point_a.h; sourceTree = "<group>"; };
		577857DE20AA828600218129 /* wsh_sequence.h */ = {isa = PBXFileReference; fileEncoding = 4; lastKnownFileType = sourcecode.c.h; path = wsh_sequence.h; sourceTree = "<group>"; };
		577857DF20AA828600218129 /* wsh_point.h */ = {isa = PBXFileReference; fileEncoding = 4; lastKnownFileType = sourcecode.c.h; path = wsh_point.h; sourceTree = "<group>"; };
		577857E020AA828600218129 /* wsh_document.h */ = {isa = PBXFileReference; fileEncoding = 4; lastKnownFileType = sourcecode.c.h; path = wsh_document.h; sourceTree = "<group>"; };
		577857E120AA828600218129 /* wsh_node.h */ = {isa = PBXFileReference; fileEncoding = 4; lastKnownFileType = sourcecode.c.h; path = wsh_node.h; sourceTree = "<group>"; };
		577857E220AA828600218129 /* wsh_includes.h */ = {isa = PBXFileReference; fileEncoding = 4; lastKnownFileType = sourcecode.c.h; path = wsh_includes.h; sourceTree = "<group>"; };
		577857E420AA828600218129 /* wsh_sgraph.h */ = {isa = PBXFileReference; fileEncoding = 4; lastKnownFileType = sourcecode.c.h; path = wsh_sgraph.h; sourceTree = "<group>"; };
		577857E520AA828600218129 /* wsh_sgraph.c */ = {isa = PBXFileReference; fileEncoding = 4; lastKnownFileType = sourcecode.c.c; path = wsh_sgraph.c; sourceTree = "<group>"; };
		577857E720AA828600218129 /* wsh_serial.h */ = {isa = PBXFileReference; fileEncoding = 4; lastKnownFileType = sourcecode.c.h; path = wsh_serial.h; sourceTree = "<group>"; };
		577857E820AA828600218129 /* wsh_serial_json.h */ = {isa = PBXFileReference; fileEncoding = 4; lastKnownFileType = sourcecode.c.h; path = wsh_serial_json.h; sourceTree = "<group>"; };
		577857E920AA828600218129 /* wsh_serial_bin.h */ = {isa = PBXFileReference; fileEncoding = 4; lastKnownFileType = sourcecode.c.h; path = wsh_serial_bin.h; sourceTree = "<group>"; };
		577857EA20AA828600218129 /* wsh_serial_json_wsh_tool.h */ = {isa = PBXFileReference; fileEncoding = 4; lastKnownFileType = sourcecode.c.h; path = wsh_serial_json_wsh_tool.h; sourceTree = "<group>"; };
		577857EB20AA828600218129 /* wsh_serial.c */ = {isa = PBXFileReference; fileEncoding = 4; lastKnownFileType = sourcecode.c.c; path = wsh_serial.c; sourceTree = "<group>"; };
		577857EC20AA828600218129 /* wsh_serial_json_wsh_tool.c */ = {isa = PBXFileReference; fileEncoding = 4; lastKnownFileType = sourcecode.c.c; path = wsh_serial_json_wsh_tool.c; sourceTree = "<group>"; };
		577857ED20AA828600218129 /* wsh_serial_bin.c */ = {isa = PBXFileReference; fileEncoding = 4; lastKnownFileType = sourcecode.c.c; path = wsh_serial_bin.c; sourceTree = "<group>"; };
		577857EE20AA828600218129 /* wsh_serial_json.c */ = {isa = PBXFileReference; fileEncoding = 4; lastKnownFileType = sourcecode.c.c; path = wsh_serial_json.c; sourceTree = "<group>"; };
		577857F020AA828600218129 /* wsh_session.c */ = {isa = PBXFileReference; fileEncoding = 4; lastKnownFileType = sourcecode.c.c; path = wsh_session.c; sourceTree = "<group>"; };
		577857F120AA828600218129 /* wsh_lib.c */ = {isa = PBXFileReference; fileEncoding = 4; lastKnownFileType = sourcecode.c.c; path = wsh_lib.c; sourceTree = "<group>"; };
		577857F220AA828600218129 /* wsh_session.h */ = {isa = PBXFileReference; fileEncoding = 4; lastKnownFileType = sourcecode.c.h; path = wsh_session.h; sourceTree = "<group>"; };
		577857F320AA828600218129 /* wsh_lib.h */ = {isa = PBXFileReference; fileEncoding = 4; lastKnownFileType = sourcecode.c.h; path = wsh_lib.h; sourceTree = "<group>"; };
		578E35B52086CF9F006281B7 /* wsh_internal.h */ = {isa = PBXFileReference; fileEncoding = 4; lastKnownFileType = sourcecode.c.h; name = wsh_internal.h; path = ../wsh_internal.h; sourceTree = "<group>"; };
		57BED60C2130918F00E7FC63 /* wsh_player.h */ = {isa = PBXFileReference; lastKnownFileType = sourcecode.c.h; path = wsh_player.h; sourceTree = "<group>"; };
		57BED60D2130918F00E7FC63 /* wsh_player.c */ = {isa = PBXFileReference; lastKnownFileType = sourcecode.c.c; path = wsh_player.c; sourceTree = "<group>"; };
		57D5AEA720D85D5E001736EF /* wsh_serial_svg.c */ = {isa = PBXFileReference; fileEncoding = 4; lastKnownFileType = sourcecode.c.c; path = wsh_serial_svg.c; sourceTree = "<group>"; };
		57D5AEA820D85D5E001736EF /* wsh_serial_svg.h */ = {isa = PBXFileReference; fileEncoding = 4; lastKnownFileType = sourcecode.c.h; path = wsh_serial_svg.h; sourceTree = "<group>"; };
		57F12DDA1F806D3000564D7C /* wsh.c */ = {isa = PBXFileReference; lastKnownFileType = sourcecode.c.c; name = wsh.c; path = ../wsh.c; sourceTree = "<group>"; };
		D13617E71DFB772900FD1F83 /* libwsh.a */ = {isa = PBXFileReference; explicitFileType = archive.ar; includeInIndex = 0; path = libwsh.a; sourceTree = BUILT_PRODUCTS_DIR; };
		D1DB879F1F1431BA00BA023B /* wsh.h */ = {isa = PBXFileReference; fileEncoding = 4; lastKnownFileType = sourcecode.c.h; name = wsh.h; path = ../wsh.h; sourceTree = "<group>"; };
/* End PBXFileReference section */

/* Begin PBXFrameworksBuildPhase section */
		D13617E41DFB772900FD1F83 /* Frameworks */ = {
			isa = PBXFrameworksBuildPhase;
			buildActionMask = 2147483647;
			files = (
				57D5AEB320D8667B001736EF /* (null) in Frameworks */,
			);
			runOnlyForDeploymentPostprocessing = 0;
		};
/* End PBXFrameworksBuildPhase section */

/* Begin PBXGroup section */
		57167040207860AB0005E15A /* cjson */ = {
			isa = PBXGroup;
			children = (
				57167041207860AB0005E15A /* cJSON.h */,
				57167042207860AB0005E15A /* cJSON.c */,
			);
			name = cjson;
			path = ../contrib/cjson;
			sourceTree = "<group>";
		};
		577857B820AA828600218129 /* src */ = {
			isa = PBXGroup;
			children = (
				57BED60B2130917400E7FC63 /* ext */,
				577857B920AA828600218129 /* core */,
				577857BE20AA828600218129 /* util */,
				577857C820AA828600218129 /* io */,
				577857CB20AA828600218129 /* geo */,
				577857E220AA828600218129 /* wsh_includes.h */,
				577857E320AA828600218129 /* scene */,
				577857E620AA828600218129 /* serial */,
				577857EF20AA828600218129 /* session */,
			);
			name = src;
			path = ../src;
			sourceTree = "<group>";
		};
		577857B920AA828600218129 /* core */ = {
			isa = PBXGroup;
			children = (
				577857BB20AA828600218129 /* wsh_tool.h */,
				577857BD20AA828600218129 /* wsh_tool.c */,
				577857BC20AA828600218129 /* wsh_color.h */,
				577857BA20AA828600218129 /* wsh_color.c */,
			);
			path = core;
			sourceTree = "<group>";
		};
		577857BE20AA828600218129 /* util */ = {
			isa = PBXGroup;
			children = (
				577857C220AA828600218129 /* wsh_anl.c */,
				577857C720AA828600218129 /* wsh_anl.h */,
				577857C420AA828600218129 /* wsh_line_ops.c */,
				577857BF20AA828600218129 /* wsh_line_ops.h */,
				577857C020AA828600218129 /* wsh_math.h */,
				577857C520AA828600218129 /* wsh_ops_point.c */,
				577857C120AA828600218129 /* wsh_ops_point.h */,
				577857C320AA828600218129 /* wsh_sequence_ops.c */,
				577857C620AA828600218129 /* wsh_sequence_ops.h */,
			);
			path = util;
			sourceTree = "<group>";
		};
		577857C820AA828600218129 /* io */ = {
			isa = PBXGroup;
			children = (
				577857C920AA828600218129 /* wsh_io.h */,
				577857CA20AA828600218129 /* wsh_io.c */,
			);
			path = io;
			sourceTree = "<group>";
		};
		577857CB20AA828600218129 /* geo */ = {
			isa = PBXGroup;
			children = (
				577857CD20AA828600218129 /* wsh_color.c */,
				577857D820AA828600218129 /* wsh_color.h */,
				577857D220AA828600218129 /* wsh_document.c */,
				577857E020AA828600218129 /* wsh_document.h */,
				577857CF20AA828600218129 /* wsh_layer.c */,
				577857DB20AA828600218129 /* wsh_layer.h */,
				577857DC20AA828600218129 /* wsh_line.c */,
				577857D520AA828600218129 /* wsh_line.h */,
				577857D620AA828600218129 /* wsh_node.c */,
				577857E120AA828600218129 /* wsh_node.h */,
				577857DA20AA828600218129 /* wsh_object.c */,
				577857D020AA828600218129 /* wsh_object.h */,
				577857D420AA828600218129 /* wsh_point_a.c */,
				577857DD20AA828600218129 /* wsh_point_a.h */,
				577857D120AA828600218129 /* wsh_point.c */,
				577857DF20AA828600218129 /* wsh_point.h */,
				577857D920AA828600218129 /* wsh_rect.c */,
				577857CC20AA828600218129 /* wsh_rect.h */,
				577857D320AA828600218129 /* wsh_sequence.c */,
				577857DE20AA828600218129 /* wsh_sequence.h */,
				577857D720AA828600218129 /* wsh_transform.c */,
				577857CE20AA828600218129 /* wsh_transform.h */,
			);
			path = geo;
			sourceTree = "<group>";
		};
		577857E320AA828600218129 /* scene */ = {
			isa = PBXGroup;
			children = (
				577857E420AA828600218129 /* wsh_sgraph.h */,
				577857E520AA828600218129 /* wsh_sgraph.c */,
			);
			path = scene;
			sourceTree = "<group>";
		};
		577857E620AA828600218129 /* serial */ = {
			isa = PBXGroup;
			children = (
				57D5AEA720D85D5E001736EF /* wsh_serial_svg.c */,
				57D5AEA820D85D5E001736EF /* wsh_serial_svg.h */,
				577857ED20AA828600218129 /* wsh_serial_bin.c */,
				577857E920AA828600218129 /* wsh_serial_bin.h */,
				577857EC20AA828600218129 /* wsh_serial_json_wsh_tool.c */,
				577857EA20AA828600218129 /* wsh_serial_json_wsh_tool.h */,
				577857EE20AA828600218129 /* wsh_serial_json.c */,
				577857E820AA828600218129 /* wsh_serial_json.h */,
				577857EB20AA828600218129 /* wsh_serial.c */,
				577857E720AA828600218129 /* wsh_serial.h */,
			);
			path = serial;
			sourceTree = "<group>";
		};
		577857EF20AA828600218129 /* session */ = {
			isa = PBXGroup;
			children = (
				577857F120AA828600218129 /* wsh_lib.c */,
				577857F320AA828600218129 /* wsh_lib.h */,
				577857F020AA828600218129 /* wsh_session.c */,
				577857F220AA828600218129 /* wsh_session.h */,
			);
			path = session;
			sourceTree = "<group>";
		};
		57BED60B2130917400E7FC63 /* ext */ = {
			isa = PBXGroup;
			children = (
				57BED60C2130918F00E7FC63 /* wsh_player.h */,
				57BED60D2130918F00E7FC63 /* wsh_player.c */,
			);
			path = ext;
			sourceTree = "<group>";
		};
		57D5AEAB20D85F95001736EF /* lib */ = {
			isa = PBXGroup;
			children = (
			);
			name = lib;
			sourceTree = "<group>";
		};
		D13617DE1DFB772900FD1F83 = {
			isa = PBXGroup;
			children = (
				57D5AEAB20D85F95001736EF /* lib */,
				57167040207860AB0005E15A /* cjson */,
				57F12DDA1F806D3000564D7C /* wsh.c */,
				D1DB879F1F1431BA00BA023B /* wsh.h */,
				578E35B52086CF9F006281B7 /* wsh_internal.h */,
				577857B820AA828600218129 /* src */,
				D13617E81DFB772900FD1F83 /* Products */,
			);
			sourceTree = "<group>";
		};
		D13617E81DFB772900FD1F83 /* Products */ = {
			isa = PBXGroup;
			children = (
				D13617E71DFB772900FD1F83 /* libwsh.a */,
			);
			name = Products;
			sourceTree = "<group>";
		};
/* End PBXGroup section */

/* Begin PBXHeadersBuildPhase section */
		D13617E51DFB772900FD1F83 /* Headers */ = {
			isa = PBXHeadersBuildPhase;
			buildActionMask = 2147483647;
			files = (
				57BED60E2130918F00E7FC63 /* wsh_player.h in Headers */,
				5778581A20AA828600218129 /* wsh_sgraph.h in Headers */,
				57D5AEAA20D85D5E001736EF /* wsh_serial_svg.h in Headers */,
				5778581620AA828600218129 /* wsh_point.h in Headers */,
				577857F920AA828600218129 /* wsh_math.h in Headers */,
				5778580F20AA828600218129 /* wsh_color.h in Headers */,
				5778581420AA828600218129 /* wsh_point_a.h in Headers */,
				577857FA20AA828600218129 /* wsh_ops_point.h in Headers */,
				5778581820AA828600218129 /* wsh_node.h in Headers */,
				5778582720AA828600218129 /* wsh_lib.h in Headers */,
				5778580720AA828600218129 /* wsh_object.h in Headers */,
				D1DB87A01F1431BA00BA023B /* wsh.h in Headers */,
				5778581D20AA828600218129 /* wsh_serial_json.h in Headers */,
				578E35B62086CF9F006281B7 /* wsh_internal.h in Headers */,
				5778581C20AA828600218129 /* wsh_serial.h in Headers */,
				5778581920AA828600218129 /* wsh_includes.h in Headers */,
				577857FF20AA828600218129 /* wsh_sequence_ops.h in Headers */,
				577857F820AA828600218129 /* wsh_line_ops.h in Headers */,
				5778580520AA828600218129 /* wsh_transform.h in Headers */,
				57167043207860AB0005E15A /* cJSON.h in Headers */,
				5778582620AA828600218129 /* wsh_session.h in Headers */,
				5778580320AA828600218129 /* wsh_rect.h in Headers */,
				5778581E20AA828600218129 /* wsh_serial_bin.h in Headers */,
				577857F520AA828600218129 /* wsh_tool.h in Headers */,
				5778581F20AA828600218129 /* wsh_serial_json_wsh_tool.h in Headers */,
				577857F620AA828600218129 /* wsh_color.h in Headers */,
				5778581720AA828600218129 /* wsh_document.h in Headers */,
				5778580120AA828600218129 /* wsh_io.h in Headers */,
				5778581220AA828600218129 /* wsh_layer.h in Headers */,
				5778580020AA828600218129 /* wsh_anl.h in Headers */,
				5778580C20AA828600218129 /* wsh_line.h in Headers */,
				5778581520AA828600218129 /* wsh_sequence.h in Headers */,
			);
			runOnlyForDeploymentPostprocessing = 0;
		};
/* End PBXHeadersBuildPhase section */

/* Begin PBXNativeTarget section */
		D13617E61DFB772900FD1F83 /* wsh */ = {
			isa = PBXNativeTarget;
			buildConfigurationList = D13617EB1DFB772900FD1F83 /* Build configuration list for PBXNativeTarget "wsh" */;
			buildPhases = (
				D13617E31DFB772900FD1F83 /* Sources */,
				D13617E41DFB772900FD1F83 /* Frameworks */,
				D13617E51DFB772900FD1F83 /* Headers */,
			);
			buildRules = (
			);
			dependencies = (
			);
			name = wsh;
			productName = wsh;
			productReference = D13617E71DFB772900FD1F83 /* libwsh.a */;
			productType = "com.apple.product-type.library.static";
		};
/* End PBXNativeTarget section */

/* Begin PBXProject section */
		D13617DF1DFB772900FD1F83 /* Project object */ = {
			isa = PBXProject;
			attributes = {
				LastUpgradeCheck = 0930;
				ORGANIZATIONNAME = vaporstack;
				TargetAttributes = {
					D13617E61DFB772900FD1F83 = {
						CreatedOnToolsVersion = 7.0.1;
					};
				};
			};
			buildConfigurationList = D13617E21DFB772900FD1F83 /* Build configuration list for PBXProject "wsh" */;
			compatibilityVersion = "Xcode 3.2";
			developmentRegion = English;
			hasScannedForEncodings = 0;
			knownRegions = (
				en,
			);
			mainGroup = D13617DE1DFB772900FD1F83;
			productRefGroup = D13617E81DFB772900FD1F83 /* Products */;
			projectDirPath = "";
			projectRoot = "";
			targets = (
				D13617E61DFB772900FD1F83 /* wsh */,
			);
		};
/* End PBXProject section */

/* Begin PBXSourcesBuildPhase section */
		D13617E31DFB772900FD1F83 /* Sources */ = {
			isa = PBXSourcesBuildPhase;
			buildActionMask = 2147483647;
			files = (
				5778581020AA828600218129 /* wsh_rect.c in Sources */,
				577857FC20AA828600218129 /* wsh_sequence_ops.c in Sources */,
				5778582220AA828600218129 /* wsh_serial_bin.c in Sources */,
				577857F420AA828600218129 /* wsh_color.c in Sources */,
				5778582520AA828600218129 /* wsh_lib.c in Sources */,
				5778580D20AA828600218129 /* wsh_node.c in Sources */,
				5778581320AA828600218129 /* wsh_line.c in Sources */,
				5778580B20AA828600218129 /* wsh_point_a.c in Sources */,
				57F12DDB1F806D3000564D7C /* wsh.c in Sources */,
				5778580820AA828600218129 /* wsh_point.c in Sources */,
				5778581120AA828600218129 /* wsh_object.c in Sources */,
				577857F720AA828600218129 /* wsh_tool.c in Sources */,
				5778582120AA828600218129 /* wsh_serial_json_wsh_tool.c in Sources */,
				5778582020AA828600218129 /* wsh_serial.c in Sources */,
				5778580420AA828600218129 /* wsh_color.c in Sources */,
				5778580E20AA828600218129 /* wsh_transform.c in Sources */,
				5778582320AA828600218129 /* wsh_serial_json.c in Sources */,
				57D5AEA920D85D5E001736EF /* wsh_serial_svg.c in Sources */,
				577857FE20AA828600218129 /* wsh_ops_point.c in Sources */,
				5778580620AA828600218129 /* wsh_layer.c in Sources */,
				5778580220AA828600218129 /* wsh_io.c in Sources */,
				57BED60F2130918F00E7FC63 /* wsh_player.c in Sources */,
				5778580A20AA828600218129 /* wsh_sequence.c in Sources */,
				57167044207860AB0005E15A /* cJSON.c in Sources */,
				5778581B20AA828600218129 /* wsh_sgraph.c in Sources */,
				577857FD20AA828600218129 /* wsh_line_ops.c in Sources */,
				5778582420AA828600218129 /* wsh_session.c in Sources */,
				577857FB20AA828600218129 /* wsh_anl.c in Sources */,
				5778580920AA828600218129 /* wsh_document.c in Sources */,
			);
			runOnlyForDeploymentPostprocessing = 0;
		};
/* End PBXSourcesBuildPhase section */

/* Begin XCBuildConfiguration section */
		D13617E91DFB772900FD1F83 /* Debug */ = {
			isa = XCBuildConfiguration;
			buildSettings = {
				ALWAYS_SEARCH_USER_PATHS = NO;
				CLANG_CXX_LANGUAGE_STANDARD = "gnu++0x";
				CLANG_CXX_LIBRARY = "libc++";
				CLANG_ENABLE_MODULES = NO;
				CLANG_ENABLE_OBJC_ARC = YES;
				CLANG_MODULES_AUTOLINK = NO;
				CLANG_WARN_BLOCK_CAPTURE_AUTORELEASING = YES;
				CLANG_WARN_BOOL_CONVERSION = YES;
				CLANG_WARN_COMMA = YES;
				CLANG_WARN_CONSTANT_CONVERSION = YES;
				CLANG_WARN_DEPRECATED_OBJC_IMPLEMENTATIONS = YES;
				CLANG_WARN_DIRECT_OBJC_ISA_USAGE = YES_ERROR;
				CLANG_WARN_EMPTY_BODY = YES;
				CLANG_WARN_ENUM_CONVERSION = YES;
				CLANG_WARN_INFINITE_RECURSION = YES;
				CLANG_WARN_INT_CONVERSION = YES;
				CLANG_WARN_NON_LITERAL_NULL_CONVERSION = YES;
				CLANG_WARN_OBJC_IMPLICIT_RETAIN_SELF = YES;
				CLANG_WARN_OBJC_LITERAL_CONVERSION = YES;
				CLANG_WARN_OBJC_ROOT_CLASS = YES_ERROR;
				CLANG_WARN_RANGE_LOOP_ANALYSIS = YES;
				CLANG_WARN_STRICT_PROTOTYPES = YES;
				CLANG_WARN_SUSPICIOUS_MOVE = YES;
				CLANG_WARN_UNREACHABLE_CODE = YES;
				CLANG_WARN__DUPLICATE_METHOD_MATCH = YES;
				CODE_SIGN_IDENTITY = "Mac Developer: a@ndrw.net (D45V5A7288)";
				COPY_PHASE_STRIP = NO;
				DEBUG_INFORMATION_FORMAT = dwarf;
				ENABLE_STRICT_OBJC_MSGSEND = YES;
				ENABLE_TESTABILITY = YES;
				GCC_C_LANGUAGE_STANDARD = gnu99;
				GCC_DYNAMIC_NO_PIC = NO;
				GCC_NO_COMMON_BLOCKS = YES;
				GCC_OPTIMIZATION_LEVEL = 0;
				GCC_PREPROCESSOR_DEFINITIONS = (
					"DEBUG=1",
					"$(inherited)",
				);
				GCC_WARN_64_TO_32_BIT_CONVERSION = YES;
				GCC_WARN_ABOUT_RETURN_TYPE = YES_ERROR;
				GCC_WARN_UNDECLARED_SELECTOR = YES;
				GCC_WARN_UNINITIALIZED_AUTOS = YES_AGGRESSIVE;
				GCC_WARN_UNUSED_FUNCTION = YES;
				GCC_WARN_UNUSED_VARIABLE = YES;
				HEADER_SEARCH_PATHS = (
					"$(r4_root)/libs",
					"$(r4_root)/contrib",
				);
				MACOSX_DEPLOYMENT_TARGET = 10.7;
				MTL_ENABLE_DEBUG_INFO = YES;
				ONLY_ACTIVE_ARCH = YES;
				SDKROOT = macosx;
				r4_root = "$(HOME)/art/r4";
			};
			name = Debug;
		};
		D13617EA1DFB772900FD1F83 /* Release */ = {
			isa = XCBuildConfiguration;
			buildSettings = {
				ALWAYS_SEARCH_USER_PATHS = NO;
				CLANG_CXX_LANGUAGE_STANDARD = "gnu++0x";
				CLANG_CXX_LIBRARY = "libc++";
				CLANG_ENABLE_MODULES = NO;
				CLANG_ENABLE_OBJC_ARC = YES;
				CLANG_MODULES_AUTOLINK = NO;
				CLANG_WARN_BLOCK_CAPTURE_AUTORELEASING = YES;
				CLANG_WARN_BOOL_CONVERSION = YES;
				CLANG_WARN_COMMA = YES;
				CLANG_WARN_CONSTANT_CONVERSION = YES;
				CLANG_WARN_DEPRECATED_OBJC_IMPLEMENTATIONS = YES;
				CLANG_WARN_DIRECT_OBJC_ISA_USAGE = YES_ERROR;
				CLANG_WARN_EMPTY_BODY = YES;
				CLANG_WARN_ENUM_CONVERSION = YES;
				CLANG_WARN_INFINITE_RECURSION = YES;
				CLANG_WARN_INT_CONVERSION = YES;
				CLANG_WARN_NON_LITERAL_NULL_CONVERSION = YES;
				CLANG_WARN_OBJC_IMPLICIT_RETAIN_SELF = YES;
				CLANG_WARN_OBJC_LITERAL_CONVERSION = YES;
				CLANG_WARN_OBJC_ROOT_CLASS = YES_ERROR;
				CLANG_WARN_RANGE_LOOP_ANALYSIS = YES;
				CLANG_WARN_STRICT_PROTOTYPES = YES;
				CLANG_WARN_SUSPICIOUS_MOVE = YES;
				CLANG_WARN_UNREACHABLE_CODE = YES;
				CLANG_WARN__DUPLICATE_METHOD_MATCH = YES;
				CODE_SIGN_IDENTITY = "Mac Developer: a@ndrw.net (D45V5A7288)";
				COPY_PHASE_STRIP = NO;
				DEBUG_INFORMATION_FORMAT = "dwarf-with-dsym";
				ENABLE_NS_ASSERTIONS = NO;
				ENABLE_STRICT_OBJC_MSGSEND = YES;
				GCC_C_LANGUAGE_STANDARD = gnu99;
				GCC_NO_COMMON_BLOCKS = YES;
				GCC_WARN_64_TO_32_BIT_CONVERSION = YES;
				GCC_WARN_ABOUT_RETURN_TYPE = YES_ERROR;
				GCC_WARN_UNDECLARED_SELECTOR = YES;
				GCC_WARN_UNINITIALIZED_AUTOS = YES_AGGRESSIVE;
				GCC_WARN_UNUSED_FUNCTION = YES;
				GCC_WARN_UNUSED_VARIABLE = YES;
				HEADER_SEARCH_PATHS = (
					"$(r4_root)/libs",
					"$(r4_root)/contrib",
				);
				MACOSX_DEPLOYMENT_TARGET = 10.7;
				MTL_ENABLE_DEBUG_INFO = NO;
				SDKROOT = macosx;
				r4_root = "$(HOME)/art/r4";
			};
			name = Release;
		};
		D13617EC1DFB772900FD1F83 /* Debug */ = {
			isa = XCBuildConfiguration;
			buildSettings = {
				CODE_SIGN_IDENTITY = "Mac Developer: a@ndrw.net (D45V5A7288)";
				CURRENT_PROJECT_VERSION = 0.0.1;
				EXECUTABLE_PREFIX = lib;
				GCC_C_LANGUAGE_STANDARD = c99;
				HEADER_SEARCH_PATHS = (
					/usr/local/Cellar/libxml2/2.9.4_2/include/libxml2,
					/usr/local/include,
					/opt/X11/include,
					../../../contrib/include,
					../../../contrib/deps,
					../../../contrib,
					/usr/local/lib,
				);
				LIBRARY_SEARCH_PATHS = (
					"$(inherited)",
					/usr/local/Cellar/cairo/1.14.12/lib,
				);
				OTHER_CFLAGS = "-DRUMINANT4_PRESENT";
				PRODUCT_NAME = "$(TARGET_NAME)";
				SYMROOT = ../../../build;
				r4_root = "$(HOME)/art/r4";
			};
			name = Debug;
		};
		D13617ED1DFB772900FD1F83 /* Release */ = {
			isa = XCBuildConfiguration;
			buildSettings = {
				CODE_SIGN_IDENTITY = "Mac Developer: a@ndrw.net (D45V5A7288)";
				CURRENT_PROJECT_VERSION = 0.0.1;
				EXECUTABLE_PREFIX = lib;
				GCC_C_LANGUAGE_STANDARD = c99;
				HEADER_SEARCH_PATHS = (
					/usr/local/Cellar/libxml2/2.9.4_2/include/libxml2,
					/usr/local/include,
					/opt/X11/include,
					../../../contrib/include,
					../../../contrib/deps,
					../../../contrib,
					/usr/local/lib,
				);
				LIBRARY_SEARCH_PATHS = (
					"$(inherited)",
					/usr/local/Cellar/cairo/1.14.12/lib,
				);
				OTHER_CFLAGS = "-DRUMINANT4_PRESENT";
				PRODUCT_NAME = "$(TARGET_NAME)";
				SYMROOT = ../../../build;
				r4_root = "$(HOME)/art/r4";
			};
			name = Release;
		};
/* End XCBuildConfiguration section */

/* Begin XCConfigurationList section */
		D13617E21DFB772900FD1F83 /* Build configuration list for PBXProject "wsh" */ = {
			isa = XCConfigurationList;
			buildConfigurations = (
				D13617E91DFB772900FD1F83 /* Debug */,
				D13617EA1DFB772900FD1F83 /* Release */,
			);
			defaultConfigurationIsVisible = 0;
			defaultConfigurationName = Release;
		};
		D13617EB1DFB772900FD1F83 /* Build configuration list for PBXNativeTarget "wsh" */ = {
			isa = XCConfigurationList;
			buildConfigurations = (
				D13617EC1DFB772900FD1F83 /* Debug */,
				D13617ED1DFB772900FD1F83 /* Release */,
			);
			defaultConfigurationIsVisible = 0;
			defaultConfigurationName = Release;
		};
/* End XCConfigurationList section */
	};
	rootObject = D13617DF1DFB772900FD1F83 /* Project object */;
}
