// !$*UTF8*$!
{
	archiveVersion = 1;
	classes = {
	};
	objectVersion = 46;
	objects = {

/* Begin PBXBuildFile section */
		571EA81C1F6786B100BF579D /* w_node.c in Sources */ = {isa = PBXBuildFile; fileRef = 571EA81A1F6786B100BF579D /* w_node.c */; };
		572B31681E5BEC4E00682D82 /* w_io.c in Sources */ = {isa = PBXBuildFile; fileRef = 572B31661E5BEC4E00682D82 /* w_io.c */; };
		572B31691E5BEC4E00682D82 /* w_io.h in Headers */ = {isa = PBXBuildFile; fileRef = 572B31671E5BEC4E00682D82 /* w_io.h */; };
		5760D408205B29A4005A9373 /* w_color.h in Headers */ = {isa = PBXBuildFile; fileRef = 5760D406205B29A4005A9373 /* w_color.h */; };
		5760D409205B29A4005A9373 /* w_color.c in Sources */ = {isa = PBXBuildFile; fileRef = 5760D407205B29A4005A9373 /* w_color.c */; };
		5760D42C205B2DDF005A9373 /* wsh_tool.c in Sources */ = {isa = PBXBuildFile; fileRef = 5760D42A205B2DDE005A9373 /* wsh_tool.c */; };
		5760D42D205B2DDF005A9373 /* wsh_tool.h in Headers */ = {isa = PBXBuildFile; fileRef = 5760D42B205B2DDF005A9373 /* wsh_tool.h */; };
		5760D430205B39FA005A9373 /* w_serial_json_wsh_tool.h in Headers */ = {isa = PBXBuildFile; fileRef = 5760D42E205B39FA005A9373 /* w_serial_json_wsh_tool.h */; };
		5760D431205B39FA005A9373 /* w_serial_json_wsh_tool.c in Sources */ = {isa = PBXBuildFile; fileRef = 5760D42F205B39FA005A9373 /* w_serial_json_wsh_tool.c */; };
		57F12DDB1F806D3000564D7C /* wsh.c in Sources */ = {isa = PBXBuildFile; fileRef = 57F12DDA1F806D3000564D7C /* wsh.c */; };
		D118EC891E1C650600A6D8E0 /* w_serial.c in Sources */ = {isa = PBXBuildFile; fileRef = D118EC871E1C650600A6D8E0 /* w_serial.c */; };
		D118EC8A1E1C650600A6D8E0 /* w_serial.h in Headers */ = {isa = PBXBuildFile; fileRef = D118EC881E1C650600A6D8E0 /* w_serial.h */; };
		D11A309D1E2E781B00A8FB8F /* w_line.c in Sources */ = {isa = PBXBuildFile; fileRef = D118EC961E1C680000A6D8E0 /* w_line.c */; };
		D11A309E1E2E781B00A8FB8F /* w_object.c in Sources */ = {isa = PBXBuildFile; fileRef = D118EC981E1C680000A6D8E0 /* w_object.c */; };
		D11A309F1E2E781B00A8FB8F /* w_point.c in Sources */ = {isa = PBXBuildFile; fileRef = D118EC9A1E1C680000A6D8E0 /* w_point.c */; };
		D11A30A01E2E781B00A8FB8F /* w_point_a.c in Sources */ = {isa = PBXBuildFile; fileRef = D118EC9C1E1C680000A6D8E0 /* w_point_a.c */; };
		D11A30A11E2E781B00A8FB8F /* w_rect.c in Sources */ = {isa = PBXBuildFile; fileRef = D118EC9E1E1C680000A6D8E0 /* w_rect.c */; };
		D11A30A21E2E781B00A8FB8F /* w_transform.c in Sources */ = {isa = PBXBuildFile; fileRef = D118ECA01E1C680000A6D8E0 /* w_transform.c */; };
		D160F6CB1E81E6B500373E60 /* w_serial_json.c in Sources */ = {isa = PBXBuildFile; fileRef = D160F6C71E81E6B500373E60 /* w_serial_json.c */; };
		D160F6CC1E81E6B500373E60 /* w_serial_json.h in Headers */ = {isa = PBXBuildFile; fileRef = D160F6C81E81E6B500373E60 /* w_serial_json.h */; };
		D160F6D11E81E77200373E60 /* w_serial_bin.c in Sources */ = {isa = PBXBuildFile; fileRef = D160F6CF1E81E77200373E60 /* w_serial_bin.c */; };
		D160F6D21E81E77200373E60 /* w_serial_bin.h in Headers */ = {isa = PBXBuildFile; fileRef = D160F6D01E81E77200373E60 /* w_serial_bin.h */; };
		D1811B111EA7F06100927292 /* w_line_ops.c in Sources */ = {isa = PBXBuildFile; fileRef = D1811B0D1EA7F06100927292 /* w_line_ops.c */; };
		D1811B121EA7F06100927292 /* w_line_ops.h in Headers */ = {isa = PBXBuildFile; fileRef = D1811B0E1EA7F06100927292 /* w_line_ops.h */; };
		D18D21AE1E30492C00015BCF /* w_document.c in Sources */ = {isa = PBXBuildFile; fileRef = D18D21AC1E30492C00015BCF /* w_document.c */; };
		D18D21AF1E30492C00015BCF /* w_document.h in Headers */ = {isa = PBXBuildFile; fileRef = D18D21AD1E30492C00015BCF /* w_document.h */; };
		D1D87B341E8186B300454B89 /* w_sequence.c in Sources */ = {isa = PBXBuildFile; fileRef = D1D87B321E8186B300454B89 /* w_sequence.c */; };
		D1D87B351E8186B300454B89 /* w_sequence.h in Headers */ = {isa = PBXBuildFile; fileRef = D1D87B331E8186B300454B89 /* w_sequence.h */; };
		D1DB879B1F14315E00BA023B /* w_lib.c in Sources */ = {isa = PBXBuildFile; fileRef = D1DB87971F14315E00BA023B /* w_lib.c */; };
		D1DB879C1F14315E00BA023B /* w_lib.h in Headers */ = {isa = PBXBuildFile; fileRef = D1DB87981F14315E00BA023B /* w_lib.h */; };
		D1DB879D1F14315E00BA023B /* w_session.c in Sources */ = {isa = PBXBuildFile; fileRef = D1DB87991F14315E00BA023B /* w_session.c */; };
		D1DB879E1F14315E00BA023B /* w_session.h in Headers */ = {isa = PBXBuildFile; fileRef = D1DB879A1F14315E00BA023B /* w_session.h */; };
		D1DB87A01F1431BA00BA023B /* wsh.h in Headers */ = {isa = PBXBuildFile; fileRef = D1DB879F1F1431BA00BA023B /* wsh.h */; };
/* End PBXBuildFile section */

/* Begin PBXFileReference section */
		571EA81A1F6786B100BF579D /* w_node.c */ = {isa = PBXFileReference; lastKnownFileType = sourcecode.c.c; path = w_node.c; sourceTree = "<group>"; };
		571EA81B1F6786B100BF579D /* w_node.h */ = {isa = PBXFileReference; lastKnownFileType = sourcecode.c.h; path = w_node.h; sourceTree = "<group>"; };
		572B31661E5BEC4E00682D82 /* w_io.c */ = {isa = PBXFileReference; fileEncoding = 4; lastKnownFileType = sourcecode.c.c; path = w_io.c; sourceTree = "<group>"; };
		572B31671E5BEC4E00682D82 /* w_io.h */ = {isa = PBXFileReference; fileEncoding = 4; lastKnownFileType = sourcecode.c.h; path = w_io.h; sourceTree = "<group>"; };
		5760D406205B29A4005A9373 /* w_color.h */ = {isa = PBXFileReference; fileEncoding = 4; lastKnownFileType = sourcecode.c.h; path = w_color.h; sourceTree = "<group>"; };
		5760D407205B29A4005A9373 /* w_color.c */ = {isa = PBXFileReference; fileEncoding = 4; lastKnownFileType = sourcecode.c.c; path = w_color.c; sourceTree = "<group>"; };
		5760D42A205B2DDE005A9373 /* wsh_tool.c */ = {isa = PBXFileReference; fileEncoding = 4; lastKnownFileType = sourcecode.c.c; path = wsh_tool.c; sourceTree = "<group>"; };
		5760D42B205B2DDF005A9373 /* wsh_tool.h */ = {isa = PBXFileReference; fileEncoding = 4; lastKnownFileType = sourcecode.c.h; path = wsh_tool.h; sourceTree = "<group>"; };
		5760D42E205B39FA005A9373 /* w_serial_json_wsh_tool.h */ = {isa = PBXFileReference; lastKnownFileType = sourcecode.c.h; path = w_serial_json_wsh_tool.h; sourceTree = "<group>"; };
		5760D42F205B39FA005A9373 /* w_serial_json_wsh_tool.c */ = {isa = PBXFileReference; lastKnownFileType = sourcecode.c.c; path = w_serial_json_wsh_tool.c; sourceTree = "<group>"; };
		57F12DDA1F806D3000564D7C /* wsh.c */ = {isa = PBXFileReference; lastKnownFileType = sourcecode.c.c; name = wsh.c; path = ../wsh.c; sourceTree = "<group>"; };
		D118EC871E1C650600A6D8E0 /* w_serial.c */ = {isa = PBXFileReference; fileEncoding = 4; lastKnownFileType = sourcecode.c.c; path = w_serial.c; sourceTree = "<group>"; };
		D118EC881E1C650600A6D8E0 /* w_serial.h */ = {isa = PBXFileReference; fileEncoding = 4; lastKnownFileType = sourcecode.c.h; path = w_serial.h; sourceTree = "<group>"; };
		D118EC961E1C680000A6D8E0 /* w_line.c */ = {isa = PBXFileReference; lastKnownFileType = sourcecode.c.c; path = w_line.c; sourceTree = "<group>"; };
		D118EC971E1C680000A6D8E0 /* w_line.h */ = {isa = PBXFileReference; lastKnownFileType = sourcecode.c.h; path = w_line.h; sourceTree = "<group>"; };
		D118EC981E1C680000A6D8E0 /* w_object.c */ = {isa = PBXFileReference; lastKnownFileType = sourcecode.c.c; path = w_object.c; sourceTree = "<group>"; };
		D118EC991E1C680000A6D8E0 /* w_object.h */ = {isa = PBXFileReference; lastKnownFileType = sourcecode.c.h; path = w_object.h; sourceTree = "<group>"; };
		D118EC9A1E1C680000A6D8E0 /* w_point.c */ = {isa = PBXFileReference; lastKnownFileType = sourcecode.c.c; path = w_point.c; sourceTree = "<group>"; };
		D118EC9B1E1C680000A6D8E0 /* w_point.h */ = {isa = PBXFileReference; lastKnownFileType = sourcecode.c.h; path = w_point.h; sourceTree = "<group>"; };
		D118EC9C1E1C680000A6D8E0 /* w_point_a.c */ = {isa = PBXFileReference; lastKnownFileType = sourcecode.c.c; path = w_point_a.c; sourceTree = "<group>"; };
		D118EC9D1E1C680000A6D8E0 /* w_point_a.h */ = {isa = PBXFileReference; lastKnownFileType = sourcecode.c.h; path = w_point_a.h; sourceTree = "<group>"; };
		D118EC9E1E1C680000A6D8E0 /* w_rect.c */ = {isa = PBXFileReference; lastKnownFileType = sourcecode.c.c; path = w_rect.c; sourceTree = "<group>"; };
		D118EC9F1E1C680000A6D8E0 /* w_rect.h */ = {isa = PBXFileReference; lastKnownFileType = sourcecode.c.h; path = w_rect.h; sourceTree = "<group>"; };
		D118ECA01E1C680000A6D8E0 /* w_transform.c */ = {isa = PBXFileReference; lastKnownFileType = sourcecode.c.c; path = w_transform.c; sourceTree = "<group>"; };
		D118ECA11E1C680000A6D8E0 /* w_transform.h */ = {isa = PBXFileReference; lastKnownFileType = sourcecode.c.h; path = w_transform.h; sourceTree = "<group>"; };
		D13617E71DFB772900FD1F83 /* libwsh.a */ = {isa = PBXFileReference; explicitFileType = archive.ar; includeInIndex = 0; path = libwsh.a; sourceTree = BUILT_PRODUCTS_DIR; };
		D147D4E81DFB7C7F0017077F /* w_includes.h */ = {isa = PBXFileReference; lastKnownFileType = sourcecode.c.h; path = w_includes.h; sourceTree = "<group>"; };
		D160F6C71E81E6B500373E60 /* w_serial_json.c */ = {isa = PBXFileReference; fileEncoding = 4; lastKnownFileType = sourcecode.c.c; path = w_serial_json.c; sourceTree = "<group>"; };
		D160F6C81E81E6B500373E60 /* w_serial_json.h */ = {isa = PBXFileReference; fileEncoding = 4; lastKnownFileType = sourcecode.c.h; path = w_serial_json.h; sourceTree = "<group>"; };
		D160F6CF1E81E77200373E60 /* w_serial_bin.c */ = {isa = PBXFileReference; fileEncoding = 4; lastKnownFileType = sourcecode.c.c; path = w_serial_bin.c; sourceTree = "<group>"; };
		D160F6D01E81E77200373E60 /* w_serial_bin.h */ = {isa = PBXFileReference; fileEncoding = 4; lastKnownFileType = sourcecode.c.h; path = w_serial_bin.h; sourceTree = "<group>"; };
		D1811B0D1EA7F06100927292 /* w_line_ops.c */ = {isa = PBXFileReference; fileEncoding = 4; lastKnownFileType = sourcecode.c.c; path = w_line_ops.c; sourceTree = "<group>"; };
		D1811B0E1EA7F06100927292 /* w_line_ops.h */ = {isa = PBXFileReference; fileEncoding = 4; lastKnownFileType = sourcecode.c.h; path = w_line_ops.h; sourceTree = "<group>"; };
		D18D21AC1E30492C00015BCF /* w_document.c */ = {isa = PBXFileReference; fileEncoding = 4; lastKnownFileType = sourcecode.c.c; path = w_document.c; sourceTree = "<group>"; };
		D18D21AD1E30492C00015BCF /* w_document.h */ = {isa = PBXFileReference; fileEncoding = 4; lastKnownFileType = sourcecode.c.h; path = w_document.h; sourceTree = "<group>"; };
		D1D87B321E8186B300454B89 /* w_sequence.c */ = {isa = PBXFileReference; fileEncoding = 4; lastKnownFileType = sourcecode.c.c; path = w_sequence.c; sourceTree = "<group>"; };
		D1D87B331E8186B300454B89 /* w_sequence.h */ = {isa = PBXFileReference; fileEncoding = 4; lastKnownFileType = sourcecode.c.h; path = w_sequence.h; sourceTree = "<group>"; };
		D1DB87971F14315E00BA023B /* w_lib.c */ = {isa = PBXFileReference; fileEncoding = 4; lastKnownFileType = sourcecode.c.c; path = w_lib.c; sourceTree = "<group>"; };
		D1DB87981F14315E00BA023B /* w_lib.h */ = {isa = PBXFileReference; fileEncoding = 4; lastKnownFileType = sourcecode.c.h; path = w_lib.h; sourceTree = "<group>"; };
		D1DB87991F14315E00BA023B /* w_session.c */ = {isa = PBXFileReference; fileEncoding = 4; lastKnownFileType = sourcecode.c.c; path = w_session.c; sourceTree = "<group>"; };
		D1DB879A1F14315E00BA023B /* w_session.h */ = {isa = PBXFileReference; fileEncoding = 4; lastKnownFileType = sourcecode.c.h; path = w_session.h; sourceTree = "<group>"; };
		D1DB879F1F1431BA00BA023B /* wsh.h */ = {isa = PBXFileReference; fileEncoding = 4; lastKnownFileType = sourcecode.c.h; name = wsh.h; path = ../wsh.h; sourceTree = "<group>"; };
/* End PBXFileReference section */

/* Begin PBXFrameworksBuildPhase section */
		D13617E41DFB772900FD1F83 /* Frameworks */ = {
			isa = PBXFrameworksBuildPhase;
			buildActionMask = 2147483647;
			files = (
			);
			runOnlyForDeploymentPostprocessing = 0;
		};
/* End PBXFrameworksBuildPhase section */

/* Begin PBXGroup section */
		572B31651E5BEC4E00682D82 /* io */ = {
			isa = PBXGroup;
			children = (
				572B31661E5BEC4E00682D82 /* w_io.c */,
				572B31671E5BEC4E00682D82 /* w_io.h */,
			);
			path = io;
			sourceTree = "<group>";
		};
		5760D405205B29A4005A9373 /* core */ = {
			isa = PBXGroup;
			children = (
				5760D42A205B2DDE005A9373 /* wsh_tool.c */,
				5760D42B205B2DDF005A9373 /* wsh_tool.h */,
				5760D406205B29A4005A9373 /* w_color.h */,
				5760D407205B29A4005A9373 /* w_color.c */,
			);
			path = core;
			sourceTree = "<group>";
		};
		D118EC861E1C64E200A6D8E0 /* serial */ = {
			isa = PBXGroup;
			children = (
				5760D42E205B39FA005A9373 /* w_serial_json_wsh_tool.h */,
				5760D42F205B39FA005A9373 /* w_serial_json_wsh_tool.c */,
				D160F6C71E81E6B500373E60 /* w_serial_json.c */,
				D160F6C81E81E6B500373E60 /* w_serial_json.h */,
				D118EC871E1C650600A6D8E0 /* w_serial.c */,
				D118EC881E1C650600A6D8E0 /* w_serial.h */,
				D160F6CF1E81E77200373E60 /* w_serial_bin.c */,
				D160F6D01E81E77200373E60 /* w_serial_bin.h */,
			);
			path = serial;
			sourceTree = "<group>";
		};
		D118EC931E1C680000A6D8E0 /* geo */ = {
			isa = PBXGroup;
			children = (
				571EA81B1F6786B100BF579D /* w_node.h */,
				571EA81A1F6786B100BF579D /* w_node.c */,
				D1D87B321E8186B300454B89 /* w_sequence.c */,
				D1D87B331E8186B300454B89 /* w_sequence.h */,
				D118EC971E1C680000A6D8E0 /* w_line.h */,
				D118EC961E1C680000A6D8E0 /* w_line.c */,
				D18D21AC1E30492C00015BCF /* w_document.c */,
				D18D21AD1E30492C00015BCF /* w_document.h */,
				D118EC981E1C680000A6D8E0 /* w_object.c */,
				D118EC991E1C680000A6D8E0 /* w_object.h */,
				D118EC9A1E1C680000A6D8E0 /* w_point.c */,
				D118EC9B1E1C680000A6D8E0 /* w_point.h */,
				D118EC9C1E1C680000A6D8E0 /* w_point_a.c */,
				D118EC9D1E1C680000A6D8E0 /* w_point_a.h */,
				D118EC9E1E1C680000A6D8E0 /* w_rect.c */,
				D118EC9F1E1C680000A6D8E0 /* w_rect.h */,
				D118ECA01E1C680000A6D8E0 /* w_transform.c */,
				D118ECA11E1C680000A6D8E0 /* w_transform.h */,
			);
			path = geo;
			sourceTree = "<group>";
		};
		D13617DE1DFB772900FD1F83 = {
			isa = PBXGroup;
			children = (
				57F12DDA1F806D3000564D7C /* wsh.c */,
				D1DB879F1F1431BA00BA023B /* wsh.h */,
				D147D4DF1DFB7B920017077F /* src */,
				D13617E81DFB772900FD1F83 /* Products */,
			);
			sourceTree = "<group>";
		};
		D13617E81DFB772900FD1F83 /* Products */ = {
			isa = PBXGroup;
			children = (
				D13617E71DFB772900FD1F83 /* libwsh.a */,
			);
			name = Products;
			sourceTree = "<group>";
		};
		D147D4DF1DFB7B920017077F /* src */ = {
			isa = PBXGroup;
			children = (
				5760D405205B29A4005A9373 /* core */,
				D1811B0A1EA7F06100927292 /* util */,
				572B31651E5BEC4E00682D82 /* io */,
				D118EC931E1C680000A6D8E0 /* geo */,
				D118EC861E1C64E200A6D8E0 /* serial */,
				D1DB87961F14315E00BA023B /* session */,
				D147D4E81DFB7C7F0017077F /* w_includes.h */,
			);
			name = src;
			path = ../src;
			sourceTree = "<group>";
		};
		D1811B0A1EA7F06100927292 /* util */ = {
			isa = PBXGroup;
			children = (
				D1811B0E1EA7F06100927292 /* w_line_ops.h */,
				D1811B0D1EA7F06100927292 /* w_line_ops.c */,
			);
			path = util;
			sourceTree = "<group>";
		};
		D1DB87961F14315E00BA023B /* session */ = {
			isa = PBXGroup;
			children = (
				D1DB87971F14315E00BA023B /* w_lib.c */,
				D1DB87981F14315E00BA023B /* w_lib.h */,
				D1DB87991F14315E00BA023B /* w_session.c */,
				D1DB879A1F14315E00BA023B /* w_session.h */,
			);
			path = session;
			sourceTree = "<group>";
		};
/* End PBXGroup section */

/* Begin PBXHeadersBuildPhase section */
		D13617E51DFB772900FD1F83 /* Headers */ = {
			isa = PBXHeadersBuildPhase;
			buildActionMask = 2147483647;
			files = (
				D160F6CC1E81E6B500373E60 /* w_serial_json.h in Headers */,
				D118EC8A1E1C650600A6D8E0 /* w_serial.h in Headers */,
				D1DB87A01F1431BA00BA023B /* wsh.h in Headers */,
				D160F6D21E81E77200373E60 /* w_serial_bin.h in Headers */,
				D1DB879C1F14315E00BA023B /* w_lib.h in Headers */,
				5760D408205B29A4005A9373 /* w_color.h in Headers */,
				D1D87B351E8186B300454B89 /* w_sequence.h in Headers */,
				D18D21AF1E30492C00015BCF /* w_document.h in Headers */,
				5760D430205B39FA005A9373 /* w_serial_json_wsh_tool.h in Headers */,
				572B31691E5BEC4E00682D82 /* w_io.h in Headers */,
				D1811B121EA7F06100927292 /* w_line_ops.h in Headers */,
				D1DB879E1F14315E00BA023B /* w_session.h in Headers */,
				5760D42D205B2DDF005A9373 /* wsh_tool.h in Headers */,
			);
			runOnlyForDeploymentPostprocessing = 0;
		};
/* End PBXHeadersBuildPhase section */

/* Begin PBXNativeTarget section */
		D13617E61DFB772900FD1F83 /* wsh */ = {
			isa = PBXNativeTarget;
			buildConfigurationList = D13617EB1DFB772900FD1F83 /* Build configuration list for PBXNativeTarget "wsh" */;
			buildPhases = (
				D13617E31DFB772900FD1F83 /* Sources */,
				D13617E41DFB772900FD1F83 /* Frameworks */,
				D13617E51DFB772900FD1F83 /* Headers */,
			);
			buildRules = (
			);
			dependencies = (
			);
			name = wsh;
			productName = wsh;
			productReference = D13617E71DFB772900FD1F83 /* libwsh.a */;
			productType = "com.apple.product-type.library.static";
		};
/* End PBXNativeTarget section */

/* Begin PBXProject section */
		D13617DF1DFB772900FD1F83 /* Project object */ = {
			isa = PBXProject;
			attributes = {
				LastUpgradeCheck = 0900;
				ORGANIZATIONNAME = vaporstack;
				TargetAttributes = {
					D13617E61DFB772900FD1F83 = {
						CreatedOnToolsVersion = 7.0.1;
					};
				};
			};
			buildConfigurationList = D13617E21DFB772900FD1F83 /* Build configuration list for PBXProject "wsh" */;
			compatibilityVersion = "Xcode 3.2";
			developmentRegion = English;
			hasScannedForEncodings = 0;
			knownRegions = (
				en,
			);
			mainGroup = D13617DE1DFB772900FD1F83;
			productRefGroup = D13617E81DFB772900FD1F83 /* Products */;
			projectDirPath = "";
			projectRoot = "";
			targets = (
				D13617E61DFB772900FD1F83 /* wsh */,
			);
		};
/* End PBXProject section */

/* Begin PBXSourcesBuildPhase section */
		D13617E31DFB772900FD1F83 /* Sources */ = {
			isa = PBXSourcesBuildPhase;
			buildActionMask = 2147483647;
			files = (
				D11A309D1E2E781B00A8FB8F /* w_line.c in Sources */,
				D18D21AE1E30492C00015BCF /* w_document.c in Sources */,
				571EA81C1F6786B100BF579D /* w_node.c in Sources */,
				D11A309E1E2E781B00A8FB8F /* w_object.c in Sources */,
				D11A309F1E2E781B00A8FB8F /* w_point.c in Sources */,
				572B31681E5BEC4E00682D82 /* w_io.c in Sources */,
				57F12DDB1F806D3000564D7C /* wsh.c in Sources */,
				D1DB879B1F14315E00BA023B /* w_lib.c in Sources */,
				D11A30A01E2E781B00A8FB8F /* w_point_a.c in Sources */,
				D1811B111EA7F06100927292 /* w_line_ops.c in Sources */,
				5760D431205B39FA005A9373 /* w_serial_json_wsh_tool.c in Sources */,
				5760D409205B29A4005A9373 /* w_color.c in Sources */,
				D1DB879D1F14315E00BA023B /* w_session.c in Sources */,
				D160F6D11E81E77200373E60 /* w_serial_bin.c in Sources */,
				D1D87B341E8186B300454B89 /* w_sequence.c in Sources */,
				D11A30A11E2E781B00A8FB8F /* w_rect.c in Sources */,
				D160F6CB1E81E6B500373E60 /* w_serial_json.c in Sources */,
				5760D42C205B2DDF005A9373 /* wsh_tool.c in Sources */,
				D11A30A21E2E781B00A8FB8F /* w_transform.c in Sources */,
				D118EC891E1C650600A6D8E0 /* w_serial.c in Sources */,
			);
			runOnlyForDeploymentPostprocessing = 0;
		};
/* End PBXSourcesBuildPhase section */

/* Begin XCBuildConfiguration section */
		D13617E91DFB772900FD1F83 /* Debug */ = {
			isa = XCBuildConfiguration;
			buildSettings = {
				ALWAYS_SEARCH_USER_PATHS = NO;
				CLANG_CXX_LANGUAGE_STANDARD = "gnu++0x";
				CLANG_CXX_LIBRARY = "libc++";
				CLANG_ENABLE_MODULES = NO;
				CLANG_ENABLE_OBJC_ARC = YES;
				CLANG_MODULES_AUTOLINK = NO;
				CLANG_WARN_BLOCK_CAPTURE_AUTORELEASING = YES;
				CLANG_WARN_BOOL_CONVERSION = YES;
				CLANG_WARN_COMMA = YES;
				CLANG_WARN_CONSTANT_CONVERSION = YES;
				CLANG_WARN_DIRECT_OBJC_ISA_USAGE = YES_ERROR;
				CLANG_WARN_EMPTY_BODY = YES;
				CLANG_WARN_ENUM_CONVERSION = YES;
				CLANG_WARN_INFINITE_RECURSION = YES;
				CLANG_WARN_INT_CONVERSION = YES;
				CLANG_WARN_NON_LITERAL_NULL_CONVERSION = YES;
				CLANG_WARN_OBJC_LITERAL_CONVERSION = YES;
				CLANG_WARN_OBJC_ROOT_CLASS = YES_ERROR;
				CLANG_WARN_RANGE_LOOP_ANALYSIS = YES;
				CLANG_WARN_STRICT_PROTOTYPES = YES;
				CLANG_WARN_SUSPICIOUS_MOVE = YES;
				CLANG_WARN_UNREACHABLE_CODE = YES;
				CLANG_WARN__DUPLICATE_METHOD_MATCH = YES;
				CODE_SIGN_IDENTITY = "Mac Developer: a@ndrw.net (D45V5A7288)";
				COPY_PHASE_STRIP = NO;
				DEBUG_INFORMATION_FORMAT = dwarf;
				ENABLE_STRICT_OBJC_MSGSEND = YES;
				ENABLE_TESTABILITY = YES;
				GCC_C_LANGUAGE_STANDARD = gnu99;
				GCC_DYNAMIC_NO_PIC = NO;
				GCC_NO_COMMON_BLOCKS = YES;
				GCC_OPTIMIZATION_LEVEL = 0;
				GCC_PREPROCESSOR_DEFINITIONS = (
					"DEBUG=1",
					"$(inherited)",
				);
				GCC_WARN_64_TO_32_BIT_CONVERSION = YES;
				GCC_WARN_ABOUT_RETURN_TYPE = YES_ERROR;
				GCC_WARN_UNDECLARED_SELECTOR = YES;
				GCC_WARN_UNINITIALIZED_AUTOS = YES_AGGRESSIVE;
				GCC_WARN_UNUSED_FUNCTION = YES;
				GCC_WARN_UNUSED_VARIABLE = YES;
				HEADER_SEARCH_PATHS = (
					"$(r4_root)/libs",
					"$(r4_root)/contrib",
				);
				MACOSX_DEPLOYMENT_TARGET = 10.7;
				MTL_ENABLE_DEBUG_INFO = YES;
				ONLY_ACTIVE_ARCH = YES;
				SDKROOT = macosx;
				r4_root = "$(HOME)/art/r4";
			};
			name = Debug;
		};
		D13617EA1DFB772900FD1F83 /* Release */ = {
			isa = XCBuildConfiguration;
			buildSettings = {
				ALWAYS_SEARCH_USER_PATHS = NO;
				CLANG_CXX_LANGUAGE_STANDARD = "gnu++0x";
				CLANG_CXX_LIBRARY = "libc++";
				CLANG_ENABLE_MODULES = NO;
				CLANG_ENABLE_OBJC_ARC = YES;
				CLANG_MODULES_AUTOLINK = NO;
				CLANG_WARN_BLOCK_CAPTURE_AUTORELEASING = YES;
				CLANG_WARN_BOOL_CONVERSION = YES;
				CLANG_WARN_COMMA = YES;
				CLANG_WARN_CONSTANT_CONVERSION = YES;
				CLANG_WARN_DIRECT_OBJC_ISA_USAGE = YES_ERROR;
				CLANG_WARN_EMPTY_BODY = YES;
				CLANG_WARN_ENUM_CONVERSION = YES;
				CLANG_WARN_INFINITE_RECURSION = YES;
				CLANG_WARN_INT_CONVERSION = YES;
				CLANG_WARN_NON_LITERAL_NULL_CONVERSION = YES;
				CLANG_WARN_OBJC_LITERAL_CONVERSION = YES;
				CLANG_WARN_OBJC_ROOT_CLASS = YES_ERROR;
				CLANG_WARN_RANGE_LOOP_ANALYSIS = YES;
				CLANG_WARN_STRICT_PROTOTYPES = YES;
				CLANG_WARN_SUSPICIOUS_MOVE = YES;
				CLANG_WARN_UNREACHABLE_CODE = YES;
				CLANG_WARN__DUPLICATE_METHOD_MATCH = YES;
				CODE_SIGN_IDENTITY = "Mac Developer: a@ndrw.net (D45V5A7288)";
				COPY_PHASE_STRIP = NO;
				DEBUG_INFORMATION_FORMAT = "dwarf-with-dsym";
				ENABLE_NS_ASSERTIONS = NO;
				ENABLE_STRICT_OBJC_MSGSEND = YES;
				GCC_C_LANGUAGE_STANDARD = gnu99;
				GCC_NO_COMMON_BLOCKS = YES;
				GCC_WARN_64_TO_32_BIT_CONVERSION = YES;
				GCC_WARN_ABOUT_RETURN_TYPE = YES_ERROR;
				GCC_WARN_UNDECLARED_SELECTOR = YES;
				GCC_WARN_UNINITIALIZED_AUTOS = YES_AGGRESSIVE;
				GCC_WARN_UNUSED_FUNCTION = YES;
				GCC_WARN_UNUSED_VARIABLE = YES;
				HEADER_SEARCH_PATHS = (
					"$(r4_root)/libs",
					"$(r4_root)/contrib",
				);
				MACOSX_DEPLOYMENT_TARGET = 10.7;
				MTL_ENABLE_DEBUG_INFO = NO;
				SDKROOT = macosx;
				r4_root = "$(HOME)/art/r4";
			};
			name = Release;
		};
		D13617EC1DFB772900FD1F83 /* Debug */ = {
			isa = XCBuildConfiguration;
			buildSettings = {
				CODE_SIGN_IDENTITY = "Mac Developer: a@ndrw.net (D45V5A7288)";
				CURRENT_PROJECT_VERSION = 0.0.1;
				EXECUTABLE_PREFIX = lib;
				GCC_C_LANGUAGE_STANDARD = c99;
				HEADER_SEARCH_PATHS = (
					/usr/local/Cellar/libxml2/2.9.4_2/include/libxml2,
					/usr/local/include,
					/opt/X11/include,
					../contrib/,
				);
				PRODUCT_NAME = "$(TARGET_NAME)";
				SYMROOT = ../../../build;
				r4_root = "$(HOME)/art/r4";
			};
			name = Debug;
		};
		D13617ED1DFB772900FD1F83 /* Release */ = {
			isa = XCBuildConfiguration;
			buildSettings = {
				CODE_SIGN_IDENTITY = "Mac Developer: a@ndrw.net (D45V5A7288)";
				CURRENT_PROJECT_VERSION = 0.0.1;
				EXECUTABLE_PREFIX = lib;
				GCC_C_LANGUAGE_STANDARD = c99;
				HEADER_SEARCH_PATHS = (
					/usr/local/Cellar/libxml2/2.9.4_2/include/libxml2,
					/usr/local/include,
					/opt/X11/include,
					../contrib/,
				);
				PRODUCT_NAME = "$(TARGET_NAME)";
				SYMROOT = ../../../build;
				r4_root = "$(HOME)/art/r4";
			};
			name = Release;
		};
/* End XCBuildConfiguration section */

/* Begin XCConfigurationList section */
		D13617E21DFB772900FD1F83 /* Build configuration list for PBXProject "wsh" */ = {
			isa = XCConfigurationList;
			buildConfigurations = (
				D13617E91DFB772900FD1F83 /* Debug */,
				D13617EA1DFB772900FD1F83 /* Release */,
			);
			defaultConfigurationIsVisible = 0;
			defaultConfigurationName = Release;
		};
		D13617EB1DFB772900FD1F83 /* Build configuration list for PBXNativeTarget "wsh" */ = {
			isa = XCConfigurationList;
			buildConfigurations = (
				D13617EC1DFB772900FD1F83 /* Debug */,
				D13617ED1DFB772900FD1F83 /* Release */,
			);
			defaultConfigurationIsVisible = 0;
			defaultConfigurationName = Release;
		};
/* End XCConfigurationList section */
	};
	rootObject = D13617DF1DFB772900FD1F83 /* Project object */;
}
