// !$*UTF8*$!
{
	archiveVersion = 1;
	classes = {
	};
	objectVersion = 48;
	objects = {

/* Begin PBXBuildFile section */
		5711BFAA206191A500DD36E0 /* libwsh.a in Frameworks */ = {isa = PBXBuildFile; fileRef = 5711BFA62061919900DD36E0 /* libwsh.a */; };
		5711BFAF2061A87F00DD36E0 /* dynamic_resize.c in Sources */ = {isa = PBXBuildFile; fileRef = 5711BFAE2061A87F00DD36E0 /* dynamic_resize.c */; };
		5711BFB12061A8E900DD36E0 /* procedural_brush.c in Sources */ = {isa = PBXBuildFile; fileRef = 5711BFB02061A8E900DD36E0 /* procedural_brush.c */; };
		5711BFB62061A96A00DD36E0 /* realtime_playback.c in Sources */ = {isa = PBXBuildFile; fileRef = 5711BFB52061A96A00DD36E0 /* realtime_playback.c */; };
		5711BFD32061C6F900DD36E0 /* data in Resources */ = {isa = PBXBuildFile; fileRef = 5711BFD22061C6F900DD36E0 /* data */; };
		5711BFD62061C7C000DD36E0 /* primitives.c in Sources */ = {isa = PBXBuildFile; fileRef = 5711BFD52061C7C000DD36E0 /* primitives.c */; };
		5711BFDB2061C85A00DD36E0 /* cJSON.c in Sources */ = {isa = PBXBuildFile; fileRef = 5711BFDA2061C84600DD36E0 /* cJSON.c */; };
		5711BFDE2061C8F400DD36E0 /* cel_animation.c in Sources */ = {isa = PBXBuildFile; fileRef = 5711BFDD2061C8F400DD36E0 /* cel_animation.c */; };
		5760EC83206178D200430B0A /* main.c in Sources */ = {isa = PBXBuildFile; fileRef = 5760EC82206178D200430B0A /* main.c */; };
		5760EC852061798300430B0A /* libglfw.dylib in Frameworks */ = {isa = PBXBuildFile; fileRef = 5760EC842061798300430B0A /* libglfw.dylib */; };
		5760EC962062CDF500430B0A /* NSAppleEventDescriptorHelperCategory.m in Sources */ = {isa = PBXBuildFile; fileRef = 5760EC912062CDF500430B0A /* NSAppleEventDescriptorHelperCategory.m */; };
		5760EC972062CDF500430B0A /* WacomTabletDriver.m in Sources */ = {isa = PBXBuildFile; fileRef = 5760EC932062CDF500430B0A /* WacomTabletDriver.m */; };
		5760EC9A2062CE5400430B0A /* r_input_tablet_cocoa.m in Sources */ = {isa = PBXBuildFile; fileRef = 5760EC982062CE5400430B0A /* r_input_tablet_cocoa.m */; };
		5760EC9E2062CEA700430B0A /* input_tablet.c in Sources */ = {isa = PBXBuildFile; fileRef = 5760EC9D2062CEA700430B0A /* input_tablet.c */; };
		578BCE552061788000672199 /* Assets.xcassets in Resources */ = {isa = PBXBuildFile; fileRef = 578BCE4F2061788000672199 /* Assets.xcassets */; };
		578BCE562061788000672199 /* MainMenu.xib in Resources */ = {isa = PBXBuildFile; fileRef = 578BCE502061788000672199 /* MainMenu.xib */; };
		578BCE582061788000672199 /* Info.plist in Resources */ = {isa = PBXBuildFile; fileRef = 578BCE542061788000672199 /* Info.plist */; };
/* End PBXBuildFile section */

/* Begin PBXContainerItemProxy section */
		5711BFA52061919900DD36E0 /* PBXContainerItemProxy */ = {
			isa = PBXContainerItemProxy;
			containerPortal = 5711BFA12061919900DD36E0 /* wsh.xcodeproj */;
			proxyType = 2;
			remoteGlobalIDString = D13617E71DFB772900FD1F83;
			remoteInfo = wsh;
		};
		5711BFA7206191A100DD36E0 /* PBXContainerItemProxy */ = {
			isa = PBXContainerItemProxy;
			containerPortal = 5711BFA12061919900DD36E0 /* wsh.xcodeproj */;
			proxyType = 1;
			remoteGlobalIDString = D13617E61DFB772900FD1F83;
			remoteInfo = wsh;
		};
/* End PBXContainerItemProxy section */

/* Begin PBXFileReference section */
		5711BFA12061919900DD36E0 /* wsh.xcodeproj */ = {isa = PBXFileReference; lastKnownFileType = "wrapper.pb-project"; name = wsh.xcodeproj; path = ../../work/wsh.xcodeproj; sourceTree = "<group>"; };
		5711BFAD2061A87F00DD36E0 /* demo.h */ = {isa = PBXFileReference; lastKnownFileType = sourcecode.c.h; path = demo.h; sourceTree = "<group>"; };
		5711BFAE2061A87F00DD36E0 /* dynamic_resize.c */ = {isa = PBXFileReference; lastKnownFileType = sourcecode.c.c; path = dynamic_resize.c; sourceTree = "<group>"; };
		5711BFB02061A8E900DD36E0 /* procedural_brush.c */ = {isa = PBXFileReference; fileEncoding = 4; lastKnownFileType = sourcecode.c.c; path = procedural_brush.c; sourceTree = "<group>"; };
		5711BFB22061A93400DD36E0 /* procedural_brush.h */ = {isa = PBXFileReference; lastKnownFileType = sourcecode.c.h; path = procedural_brush.h; sourceTree = "<group>"; };
		5711BFB32061A93B00DD36E0 /* dynamic_resize.h */ = {isa = PBXFileReference; lastKnownFileType = sourcecode.c.h; path = dynamic_resize.h; sourceTree = "<group>"; };
		5711BFB42061A96A00DD36E0 /* realtime_playback.h */ = {isa = PBXFileReference; lastKnownFileType = sourcecode.c.h; path = realtime_playback.h; sourceTree = "<group>"; };
		5711BFB52061A96A00DD36E0 /* realtime_playback.c */ = {isa = PBXFileReference; lastKnownFileType = sourcecode.c.c; path = realtime_playback.c; sourceTree = "<group>"; };
		5711BFD22061C6F900DD36E0 /* data */ = {isa = PBXFileReference; lastKnownFileType = folder; name = data; path = ../data; sourceTree = "<group>"; };
		5711BFD42061C7C000DD36E0 /* primitives.h */ = {isa = PBXFileReference; lastKnownFileType = sourcecode.c.h; name = primitives.h; path = ../demo/src/primitives.h; sourceTree = "<group>"; };
		5711BFD52061C7C000DD36E0 /* primitives.c */ = {isa = PBXFileReference; lastKnownFileType = sourcecode.c.c; name = primitives.c; path = ../demo/src/primitives.c; sourceTree = "<group>"; };
		5711BFDA2061C84600DD36E0 /* cJSON.c */ = {isa = PBXFileReference; lastKnownFileType = sourcecode.c.c; path = cJSON.c; sourceTree = "<group>"; };
		5711BFDC2061C8F400DD36E0 /* cel_animation.h */ = {isa = PBXFileReference; lastKnownFileType = sourcecode.c.h; path = cel_animation.h; sourceTree = "<group>"; };
		5711BFDD2061C8F400DD36E0 /* cel_animation.c */ = {isa = PBXFileReference; lastKnownFileType = sourcecode.c.c; path = cel_animation.c; sourceTree = "<group>"; };
		5760EC82206178D200430B0A /* main.c */ = {isa = PBXFileReference; fileEncoding = 4; lastKnownFileType = sourcecode.c.c; name = main.c; path = ../demo/src/main.c; sourceTree = "<group>"; };
		5760EC842061798300430B0A /* libglfw.dylib */ = {isa = PBXFileReference; lastKnownFileType = "compiled.mach-o.dylib"; name = libglfw.dylib; path = ../../../../../../../../usr/local/lib/libglfw.dylib; sourceTree = "<group>"; };
		5760EC912062CDF500430B0A /* NSAppleEventDescriptorHelperCategory.m */ = {isa = PBXFileReference; fileEncoding = 4; lastKnownFileType = sourcecode.c.objc; path = NSAppleEventDescriptorHelperCategory.m; sourceTree = "<group>"; };
		5760EC922062CDF500430B0A /* TabletAEDictionary.h */ = {isa = PBXFileReference; fileEncoding = 4; lastKnownFileType = sourcecode.c.h; path = TabletAEDictionary.h; sourceTree = "<group>"; };
		5760EC932062CDF500430B0A /* WacomTabletDriver.m */ = {isa = PBXFileReference; fileEncoding = 4; lastKnownFileType = sourcecode.c.objc; path = WacomTabletDriver.m; sourceTree = "<group>"; };
		5760EC942062CDF500430B0A /* NSAppleEventDescriptorHelperCategory.h */ = {isa = PBXFileReference; fileEncoding = 4; lastKnownFileType = sourcecode.c.h; path = NSAppleEventDescriptorHelperCategory.h; sourceTree = "<group>"; };
		5760EC952062CDF500430B0A /* WacomTabletDriver.h */ = {isa = PBXFileReference; fileEncoding = 4; lastKnownFileType = sourcecode.c.h; path = WacomTabletDriver.h; sourceTree = "<group>"; };
		5760EC982062CE5400430B0A /* r_input_tablet_cocoa.m */ = {isa = PBXFileReference; fileEncoding = 4; lastKnownFileType = sourcecode.c.objc; path = r_input_tablet_cocoa.m; sourceTree = "<group>"; };
		5760EC992062CE5400430B0A /* r_input_tablet_cocoa.h */ = {isa = PBXFileReference; fileEncoding = 4; lastKnownFileType = sourcecode.c.h; path = r_input_tablet_cocoa.h; sourceTree = "<group>"; };
		5760EC9C2062CEA700430B0A /* input_tablet.h */ = {isa = PBXFileReference; lastKnownFileType = sourcecode.c.h; path = input_tablet.h; sourceTree = "<group>"; };
		5760EC9D2062CEA700430B0A /* input_tablet.c */ = {isa = PBXFileReference; lastKnownFileType = sourcecode.c.c; path = input_tablet.c; sourceTree = "<group>"; };
		578BCE362061782C00672199 /* wash-demo.app */ = {isa = PBXFileReference; explicitFileType = wrapper.application; includeInIndex = 0; path = "wash-demo.app"; sourceTree = BUILT_PRODUCTS_DIR; };
		578BCE4F2061788000672199 /* Assets.xcassets */ = {isa = PBXFileReference; lastKnownFileType = folder.assetcatalog; path = Assets.xcassets; sourceTree = "<group>"; };
		578BCE512061788000672199 /* Base */ = {isa = PBXFileReference; lastKnownFileType = file.xib; name = Base; path = Base.lproj/MainMenu.xib; sourceTree = "<group>"; };
		578BCE522061788000672199 /* wash_demo.entitlements */ = {isa = PBXFileReference; fileEncoding = 4; lastKnownFileType = text.plist.entitlements; path = wash_demo.entitlements; sourceTree = "<group>"; };
		578BCE542061788000672199 /* Info.plist */ = {isa = PBXFileReference; fileEncoding = 4; lastKnownFileType = text.plist.xml; path = Info.plist; sourceTree = "<group>"; };
/* End PBXFileReference section */

/* Begin PBXFrameworksBuildPhase section */
		578BCE332061782C00672199 /* Frameworks */ = {
			isa = PBXFrameworksBuildPhase;
			buildActionMask = 2147483647;
			files = (
				5711BFAA206191A500DD36E0 /* libwsh.a in Frameworks */,
				5760EC852061798300430B0A /* libglfw.dylib in Frameworks */,
			);
			runOnlyForDeploymentPostprocessing = 0;
		};
/* End PBXFrameworksBuildPhase section */

/* Begin PBXGroup section */
		5711BFA22061919900DD36E0 /* Products */ = {
			isa = PBXGroup;
			children = (
				5711BFA62061919900DD36E0 /* libwsh.a */,
			);
			name = Products;
			sourceTree = "<group>";
		};
		5711BFA9206191A500DD36E0 /* Frameworks */ = {
			isa = PBXGroup;
			children = (
			);
			name = Frameworks;
			sourceTree = "<group>";
		};
		5711BFAC2061A86F00DD36E0 /* demos */ = {
			isa = PBXGroup;
			children = (
				5711BFAD2061A87F00DD36E0 /* demo.h */,
				5711BFDC2061C8F400DD36E0 /* cel_animation.h */,
				5711BFDD2061C8F400DD36E0 /* cel_animation.c */,
				5711BFB22061A93400DD36E0 /* procedural_brush.h */,
				5711BFB02061A8E900DD36E0 /* procedural_brush.c */,
				5711BFB32061A93B00DD36E0 /* dynamic_resize.h */,
				5711BFAE2061A87F00DD36E0 /* dynamic_resize.c */,
				5711BFB42061A96A00DD36E0 /* realtime_playback.h */,
				5711BFB52061A96A00DD36E0 /* realtime_playback.c */,
			);
			name = demos;
			path = ../demo/src/demos;
			sourceTree = "<group>";
		};
		5711BFD92061C84100DD36E0 /* deps */ = {
			isa = PBXGroup;
			children = (
				5711BFDA2061C84600DD36E0 /* cJSON.c */,
			);
			path = deps;
			sourceTree = "<group>";
		};
		5760EC8F2062CDF500430B0A /* contrib */ = {
			isa = PBXGroup;
			children = (
				5760EC902062CDF500430B0A /* macos */,
			);
			name = contrib;
			path = ../demo/src/contrib;
			sourceTree = "<group>";
		};
		5760EC902062CDF500430B0A /* macos */ = {
			isa = PBXGroup;
			children = (
				5760EC992062CE5400430B0A /* r_input_tablet_cocoa.h */,
				5760EC982062CE5400430B0A /* r_input_tablet_cocoa.m */,
				5760EC912062CDF500430B0A /* NSAppleEventDescriptorHelperCategory.m */,
				5760EC942062CDF500430B0A /* NSAppleEventDescriptorHelperCategory.h */,
				5760EC922062CDF500430B0A /* TabletAEDictionary.h */,
				5760EC932062CDF500430B0A /* WacomTabletDriver.m */,
				5760EC952062CDF500430B0A /* WacomTabletDriver.h */,
			);
			path = macos;
			sourceTree = "<group>";
		};
		5760EC9B2062CE9100430B0A /* input */ = {
			isa = PBXGroup;
			children = (
				5760EC9C2062CEA700430B0A /* input_tablet.h */,
				5760EC9D2062CEA700430B0A /* input_tablet.c */,
			);
			name = input;
			path = ../demo/src/input;
			sourceTree = "<group>";
		};
		578BCE2D2061782C00672199 = {
			isa = PBXGroup;
			children = (
				5711BFD22061C6F900DD36E0 /* data */,
				5711BFA12061919900DD36E0 /* wsh.xcodeproj */,
				578BCE4D2061788000672199 /* macos */,
				5760EC842061798300430B0A /* libglfw.dylib */,
				5711BFD92061C84100DD36E0 /* deps */,
				578BCE4A2061785300672199 /* src */,
				578BCE372061782C00672199 /* Products */,
				5711BFA9206191A500DD36E0 /* Frameworks */,
			);
			sourceTree = "<group>";
		};
		578BCE372061782C00672199 /* Products */ = {
			isa = PBXGroup;
			children = (
				578BCE362061782C00672199 /* wash-demo.app */,
			);
			name = Products;
			sourceTree = "<group>";
		};
		578BCE4A2061785300672199 /* src */ = {
			isa = PBXGroup;
			children = (
				5760EC9B2062CE9100430B0A /* input */,
				5760EC8F2062CDF500430B0A /* contrib */,
				5711BFAC2061A86F00DD36E0 /* demos */,
				5760EC82206178D200430B0A /* main.c */,
				5711BFD42061C7C000DD36E0 /* primitives.h */,
				5711BFD52061C7C000DD36E0 /* primitives.c */,
			);
			name = src;
			path = ../../src;
			sourceTree = "<group>";
		};
		578BCE4D2061788000672199 /* macos */ = {
			isa = PBXGroup;
			children = (
				578BCE4F2061788000672199 /* Assets.xcassets */,
				578BCE502061788000672199 /* MainMenu.xib */,
				578BCE522061788000672199 /* wash_demo.entitlements */,
				578BCE542061788000672199 /* Info.plist */,
			);
			name = macos;
			path = ../res/macos;
			sourceTree = "<group>";
		};
/* End PBXGroup section */

/* Begin PBXNativeTarget section */
		578BCE352061782C00672199 /* wash-demo */ = {
			isa = PBXNativeTarget;
			buildConfigurationList = 578BCE472061782C00672199 /* Build configuration list for PBXNativeTarget "wash-demo" */;
			buildPhases = (
				578BCE322061782C00672199 /* Sources */,
				578BCE332061782C00672199 /* Frameworks */,
				578BCE342061782C00672199 /* Resources */,
			);
			buildRules = (
			);
			dependencies = (
				5711BFA8206191A100DD36E0 /* PBXTargetDependency */,
			);
			name = "wash-demo";
			productName = "wash-demo";
			productReference = 578BCE362061782C00672199 /* wash-demo.app */;
			productType = "com.apple.product-type.application";
		};
/* End PBXNativeTarget section */

/* Begin PBXProject section */
		578BCE2E2061782C00672199 /* Project object */ = {
			isa = PBXProject;
			attributes = {
				LastUpgradeCheck = 0920;
				ORGANIZATIONNAME = ruminant;
				TargetAttributes = {
					578BCE352061782C00672199 = {
						CreatedOnToolsVersion = 9.2;
						ProvisioningStyle = Automatic;
					};
				};
			};
			buildConfigurationList = 578BCE312061782C00672199 /* Build configuration list for PBXProject "wash-demo" */;
			compatibilityVersion = "Xcode 8.0";
			developmentRegion = en;
			hasScannedForEncodings = 0;
			knownRegions = (
				en,
				Base,
			);
			mainGroup = 578BCE2D2061782C00672199;
			productRefGroup = 578BCE372061782C00672199 /* Products */;
			projectDirPath = "";
			projectReferences = (
				{
					ProductGroup = 5711BFA22061919900DD36E0 /* Products */;
					ProjectRef = 5711BFA12061919900DD36E0 /* wsh.xcodeproj */;
				},
			);
			projectRoot = "";
			targets = (
				578BCE352061782C00672199 /* wash-demo */,
			);
		};
/* End PBXProject section */

/* Begin PBXReferenceProxy section */
		5711BFA62061919900DD36E0 /* libwsh.a */ = {
			isa = PBXReferenceProxy;
			fileType = archive.ar;
			path = libwsh.a;
			remoteRef = 5711BFA52061919900DD36E0 /* PBXContainerItemProxy */;
			sourceTree = BUILT_PRODUCTS_DIR;
		};
/* End PBXReferenceProxy section */

/* Begin PBXResourcesBuildPhase section */
		578BCE342061782C00672199 /* Resources */ = {
			isa = PBXResourcesBuildPhase;
			buildActionMask = 2147483647;
			files = (
				578BCE552061788000672199 /* Assets.xcassets in Resources */,
				578BCE562061788000672199 /* MainMenu.xib in Resources */,
				5711BFD32061C6F900DD36E0 /* data in Resources */,
				578BCE582061788000672199 /* Info.plist in Resources */,
			);
			runOnlyForDeploymentPostprocessing = 0;
		};
/* End PBXResourcesBuildPhase section */

/* Begin PBXSourcesBuildPhase section */
		578BCE322061782C00672199 /* Sources */ = {
			isa = PBXSourcesBuildPhase;
			buildActionMask = 2147483647;
			files = (
				5760EC972062CDF500430B0A /* WacomTabletDriver.m in Sources */,
				5711BFDB2061C85A00DD36E0 /* cJSON.c in Sources */,
				5711BFAF2061A87F00DD36E0 /* dynamic_resize.c in Sources */,
				5711BFD62061C7C000DD36E0 /* primitives.c in Sources */,
				5760EC962062CDF500430B0A /* NSAppleEventDescriptorHelperCategory.m in Sources */,
				5711BFB62061A96A00DD36E0 /* realtime_playback.c in Sources */,
				5760EC9E2062CEA700430B0A /* input_tablet.c in Sources */,
				5711BFB12061A8E900DD36E0 /* procedural_brush.c in Sources */,
				5711BFDE2061C8F400DD36E0 /* cel_animation.c in Sources */,
				5760EC83206178D200430B0A /* main.c in Sources */,
				5760EC9A2062CE5400430B0A /* r_input_tablet_cocoa.m in Sources */,
			);
			runOnlyForDeploymentPostprocessing = 0;
		};
/* End PBXSourcesBuildPhase section */

/* Begin PBXTargetDependency section */
		5711BFA8206191A100DD36E0 /* PBXTargetDependency */ = {
			isa = PBXTargetDependency;
			name = wsh;
			targetProxy = 5711BFA7206191A100DD36E0 /* PBXContainerItemProxy */;
		};
/* End PBXTargetDependency section */

/* Begin PBXVariantGroup section */
		578BCE502061788000672199 /* MainMenu.xib */ = {
			isa = PBXVariantGroup;
			children = (
				578BCE512061788000672199 /* Base */,
			);
			name = MainMenu.xib;
			sourceTree = "<group>";
		};
/* End PBXVariantGroup section */

/* Begin XCBuildConfiguration section */
		578BCE452061782C00672199 /* Debug */ = {
			isa = XCBuildConfiguration;
			buildSettings = {
				ALWAYS_SEARCH_USER_PATHS = NO;
				CLANG_ANALYZER_NONNULL = YES;
				CLANG_ANALYZER_NUMBER_OBJECT_CONVERSION = YES_AGGRESSIVE;
				CLANG_CXX_LANGUAGE_STANDARD = "gnu++14";
				CLANG_CXX_LIBRARY = "libc++";
				CLANG_ENABLE_MODULES = YES;
				CLANG_ENABLE_OBJC_ARC = YES;
				CLANG_WARN_BLOCK_CAPTURE_AUTORELEASING = YES;
				CLANG_WARN_BOOL_CONVERSION = YES;
				CLANG_WARN_COMMA = YES;
				CLANG_WARN_CONSTANT_CONVERSION = YES;
				CLANG_WARN_DIRECT_OBJC_ISA_USAGE = YES_ERROR;
				CLANG_WARN_DOCUMENTATION_COMMENTS = YES;
				CLANG_WARN_EMPTY_BODY = YES;
				CLANG_WARN_ENUM_CONVERSION = YES;
				CLANG_WARN_INFINITE_RECURSION = YES;
				CLANG_WARN_INT_CONVERSION = YES;
				CLANG_WARN_NON_LITERAL_NULL_CONVERSION = YES;
				CLANG_WARN_OBJC_LITERAL_CONVERSION = YES;
				CLANG_WARN_OBJC_ROOT_CLASS = YES_ERROR;
				CLANG_WARN_RANGE_LOOP_ANALYSIS = YES;
				CLANG_WARN_STRICT_PROTOTYPES = YES;
				CLANG_WARN_SUSPICIOUS_MOVE = YES;
				CLANG_WARN_UNGUARDED_AVAILABILITY = YES_AGGRESSIVE;
				CLANG_WARN_UNREACHABLE_CODE = YES;
				CLANG_WARN__DUPLICATE_METHOD_MATCH = YES;
				CODE_SIGN_IDENTITY = "Mac Developer";
				COPY_PHASE_STRIP = NO;
				DEBUG_INFORMATION_FORMAT = dwarf;
				ENABLE_STRICT_OBJC_MSGSEND = YES;
				ENABLE_TESTABILITY = YES;
				GCC_C_LANGUAGE_STANDARD = gnu11;
				GCC_DYNAMIC_NO_PIC = NO;
				GCC_NO_COMMON_BLOCKS = YES;
				GCC_OPTIMIZATION_LEVEL = 0;
				GCC_PREPROCESSOR_DEFINITIONS = (
					"DEBUG=1",
					"$(inherited)",
				);
				GCC_WARN_64_TO_32_BIT_CONVERSION = YES;
				GCC_WARN_ABOUT_RETURN_TYPE = YES_ERROR;
				GCC_WARN_UNDECLARED_SELECTOR = YES;
				GCC_WARN_UNINITIALIZED_AUTOS = YES_AGGRESSIVE;
				GCC_WARN_UNUSED_FUNCTION = YES;
				GCC_WARN_UNUSED_VARIABLE = YES;
				MACOSX_DEPLOYMENT_TARGET = 10.13;
				MTL_ENABLE_DEBUG_INFO = YES;
				ONLY_ACTIVE_ARCH = YES;
				SDKROOT = macosx;
			};
			name = Debug;
		};
		578BCE462061782C00672199 /* Release */ = {
			isa = XCBuildConfiguration;
			buildSettings = {
				ALWAYS_SEARCH_USER_PATHS = NO;
				CLANG_ANALYZER_NONNULL = YES;
				CLANG_ANALYZER_NUMBER_OBJECT_CONVERSION = YES_AGGRESSIVE;
				CLANG_CXX_LANGUAGE_STANDARD = "gnu++14";
				CLANG_CXX_LIBRARY = "libc++";
				CLANG_ENABLE_MODULES = YES;
				CLANG_ENABLE_OBJC_ARC = YES;
				CLANG_WARN_BLOCK_CAPTURE_AUTORELEASING = YES;
				CLANG_WARN_BOOL_CONVERSION = YES;
				CLANG_WARN_COMMA = YES;
				CLANG_WARN_CONSTANT_CONVERSION = YES;
				CLANG_WARN_DIRECT_OBJC_ISA_USAGE = YES_ERROR;
				CLANG_WARN_DOCUMENTATION_COMMENTS = YES;
				CLANG_WARN_EMPTY_BODY = YES;
				CLANG_WARN_ENUM_CONVERSION = YES;
				CLANG_WARN_INFINITE_RECURSION = YES;
				CLANG_WARN_INT_CONVERSION = YES;
				CLANG_WARN_NON_LITERAL_NULL_CONVERSION = YES;
				CLANG_WARN_OBJC_LITERAL_CONVERSION = YES;
				CLANG_WARN_OBJC_ROOT_CLASS = YES_ERROR;
				CLANG_WARN_RANGE_LOOP_ANALYSIS = YES;
				CLANG_WARN_STRICT_PROTOTYPES = YES;
				CLANG_WARN_SUSPICIOUS_MOVE = YES;
				CLANG_WARN_UNGUARDED_AVAILABILITY = YES_AGGRESSIVE;
				CLANG_WARN_UNREACHABLE_CODE = YES;
				CLANG_WARN__DUPLICATE_METHOD_MATCH = YES;
				CODE_SIGN_IDENTITY = "Mac Developer";
				COPY_PHASE_STRIP = NO;
				DEBUG_INFORMATION_FORMAT = "dwarf-with-dsym";
				ENABLE_NS_ASSERTIONS = NO;
				ENABLE_STRICT_OBJC_MSGSEND = YES;
				GCC_C_LANGUAGE_STANDARD = gnu11;
				GCC_NO_COMMON_BLOCKS = YES;
				GCC_WARN_64_TO_32_BIT_CONVERSION = YES;
				GCC_WARN_ABOUT_RETURN_TYPE = YES_ERROR;
				GCC_WARN_UNDECLARED_SELECTOR = YES;
				GCC_WARN_UNINITIALIZED_AUTOS = YES_AGGRESSIVE;
				GCC_WARN_UNUSED_FUNCTION = YES;
				GCC_WARN_UNUSED_VARIABLE = YES;
				MACOSX_DEPLOYMENT_TARGET = 10.13;
				MTL_ENABLE_DEBUG_INFO = NO;
				SDKROOT = macosx;
			};
			name = Release;
		};
		578BCE482061782C00672199 /* Debug */ = {
			isa = XCBuildConfiguration;
			buildSettings = {
				ASSETCATALOG_COMPILER_APPICON_NAME = AppIcon;
				CODE_SIGN_ENTITLEMENTS = ../res/macos/wash_demo.entitlements;
				CODE_SIGN_STYLE = Automatic;
				COMBINE_HIDPI_IMAGES = YES;
				DEVELOPMENT_TEAM = W7MSG2FEA9;
				HEADER_SEARCH_PATHS = (
					/usr/local/include,
					../../../,
					../../contrib/cjson,
					../../contrib,
				);
				INFOPLIST_FILE = "$(SRCROOT)/../res/macos/Info.plist";
				LD_RUNPATH_SEARCH_PATHS = "$(inherited) @executable_path/../Frameworks";
				LIBRARY_SEARCH_PATHS = /usr/local/lib;
				PRODUCT_BUNDLE_IDENTIFIER = "space.ruminant.wash-demo";
				PRODUCT_NAME = "$(TARGET_NAME)";
			};
			name = Debug;
		};
		578BCE492061782C00672199 /* Release */ = {
			isa = XCBuildConfiguration;
			buildSettings = {
				ASSETCATALOG_COMPILER_APPICON_NAME = AppIcon;
				CODE_SIGN_ENTITLEMENTS = ../res/macos/wash_demo.entitlements;
				CODE_SIGN_STYLE = Automatic;
				COMBINE_HIDPI_IMAGES = YES;
				DEVELOPMENT_TEAM = W7MSG2FEA9;
				HEADER_SEARCH_PATHS = (
					/usr/local/include,
					../../../,
					../../contrib/cjson,
					../../contrib,
				);
				INFOPLIST_FILE = "$(SRCROOT)/../res/macos/Info.plist";
				LD_RUNPATH_SEARCH_PATHS = "$(inherited) @executable_path/../Frameworks";
				LIBRARY_SEARCH_PATHS = /usr/local/lib;
				PRODUCT_BUNDLE_IDENTIFIER = "space.ruminant.wash-demo";
				PRODUCT_NAME = "$(TARGET_NAME)";
			};
			name = Release;
		};
/* End XCBuildConfiguration section */

/* Begin XCConfigurationList section */
		578BCE312061782C00672199 /* Build configuration list for PBXProject "wash-demo" */ = {
			isa = XCConfigurationList;
			buildConfigurations = (
				578BCE452061782C00672199 /* Debug */,
				578BCE462061782C00672199 /* Release */,
			);
			defaultConfigurationIsVisible = 0;
			defaultConfigurationName = Release;
		};
		578BCE472061782C00672199 /* Build configuration list for PBXNativeTarget "wash-demo" */ = {
			isa = XCConfigurationList;
			buildConfigurations = (
				578BCE482061782C00672199 /* Debug */,
				578BCE492061782C00672199 /* Release */,
			);
			defaultConfigurationIsVisible = 0;
			defaultConfigurationName = Release;
		};
/* End XCConfigurationList section */
	};
	rootObject = 578BCE2E2061782C00672199 /* Project object */;
}
