// !$*UTF8*$!
{
	archiveVersion = 1;
	classes = {
	};
	objectVersion = 46;
	objects = {

/* Begin PBXBuildFile section */
		572918D421C1B727009399DD /* wsh_tool_registry.c in Sources */ = {isa = PBXBuildFile; fileRef = 572918D321C1B727009399DD /* wsh_tool_registry.c */; };
		5760D415205B2B13005A9373 /* wsh_color.c in Sources */ = {isa = PBXBuildFile; fileRef = 5760D414205B2B13005A9373 /* wsh_color.c */; };
		5760D420205B2B57005A9373 /* wsh_anl.c in Sources */ = {isa = PBXBuildFile; fileRef = 5760D41A205B2B57005A9373 /* wsh_anl.c */; };
		5760D422205B2B57005A9373 /* wsh_line_ops.c in Sources */ = {isa = PBXBuildFile; fileRef = 5760D41D205B2B57005A9373 /* wsh_line_ops.c */; };
		5760D434205B3F5C005A9373 /* wsh_tool.c in Sources */ = {isa = PBXBuildFile; fileRef = 5760D432205B3F5C005A9373 /* wsh_tool.c */; };
		5767768E20AB52BE00479DE5 /* wsh_sequence_ops.c in Sources */ = {isa = PBXBuildFile; fileRef = 5767768C20AB52BE00479DE5 /* wsh_sequence_ops.c */; };
		5767768F20AB52BE00479DE5 /* wsh_ops_point.c in Sources */ = {isa = PBXBuildFile; fileRef = 5767768D20AB52BE00479DE5 /* wsh_ops_point.c */; };
		5779CDDE22223E1F0042485B /* wsh_log.c in Sources */ = {isa = PBXBuildFile; fileRef = 5779CDDC22223E1F0042485B /* wsh_log.c */; };
		5781AFD52086B3A3003659FD /* wsh.c in Sources */ = {isa = PBXBuildFile; fileRef = 5781AFD32086B3A3003659FD /* wsh.c */; };
		5795CBBF1E5E7B3E0094BF85 /* wsh_io.c in Sources */ = {isa = PBXBuildFile; fileRef = 5795CBBB1E5E7B3E0094BF85 /* wsh_io.c */; };
		57D8E27B21C0427900892E0C /* wsh_gpc.c in Sources */ = {isa = PBXBuildFile; fileRef = 57D8E27721C0427900892E0C /* wsh_gpc.c */; };
		57D8E27C21C0427900892E0C /* wsh_player.c in Sources */ = {isa = PBXBuildFile; fileRef = 57D8E27821C0427900892E0C /* wsh_player.c */; };
		57F0DD8C1E49338700949D90 /* wsh_document.c in Sources */ = {isa = PBXBuildFile; fileRef = 57F0DD621E49338700949D90 /* wsh_document.c */; };
		57F0DD8F1E49338700949D90 /* wsh_line.c in Sources */ = {isa = PBXBuildFile; fileRef = 57F0DD661E49338700949D90 /* wsh_line.c */; };
		57F0DD921E49338700949D90 /* wsh_object.c in Sources */ = {isa = PBXBuildFile; fileRef = 57F0DD6A1E49338700949D90 /* wsh_object.c */; };
		57F0DD951E49338700949D90 /* wsh_point.c in Sources */ = {isa = PBXBuildFile; fileRef = 57F0DD6E1E49338700949D90 /* wsh_point.c */; };
		57F0DD981E49338700949D90 /* wsh_point_a.c in Sources */ = {isa = PBXBuildFile; fileRef = 57F0DD721E49338700949D90 /* wsh_point_a.c */; };
		57F0DD9B1E49338700949D90 /* wsh_rect.c in Sources */ = {isa = PBXBuildFile; fileRef = 57F0DD761E49338700949D90 /* wsh_rect.c */; };
		57F0DD9E1E49338700949D90 /* wsh_transform.c in Sources */ = {isa = PBXBuildFile; fileRef = 57F0DD7A1E49338700949D90 /* wsh_transform.c */; };
		D1225D331EF32B56001CBC22 /* wsh_layer.c in Sources */ = {isa = PBXBuildFile; fileRef = D1225D311EF32B56001CBC22 /* wsh_layer.c */; };
		D16AB6271E889FA2008B9072 /* wsh_serial.c in Sources */ = {isa = PBXBuildFile; fileRef = D16AB61A1E889FA2008B9072 /* wsh_serial.c */; };
		D16AB62A1E889FA2008B9072 /* wsh_serial_bin.c in Sources */ = {isa = PBXBuildFile; fileRef = D16AB61E1E889FA2008B9072 /* wsh_serial_bin.c */; };
		D16AB62C1E889FA2008B9072 /* wsh_serial_json.c in Sources */ = {isa = PBXBuildFile; fileRef = D16AB6211E889FA2008B9072 /* wsh_serial_json.c */; };
		D16AB6321E88A1E9008B9072 /* wsh_sequence.c in Sources */ = {isa = PBXBuildFile; fileRef = D16AB6301E88A1E9008B9072 /* wsh_sequence.c */; };
/* End PBXBuildFile section */

/* Begin PBXCopyFilesBuildPhase section */
		57F0DCFD1E4925C000949D90 /* CopyFiles */ = {
			isa = PBXCopyFilesBuildPhase;
			buildActionMask = 2147483647;
			dstPath = "include/$(PRODUCT_NAME)";
			dstSubfolderSpec = 16;
			files = (
			);
			runOnlyForDeploymentPostprocessing = 0;
		};
/* End PBXCopyFilesBuildPhase section */

/* Begin PBXFileReference section */
		5711BFC92061B5BB00DD36E0 /* wsh_math.h */ = {isa = PBXFileReference; fileEncoding = 4; lastKnownFileType = sourcecode.c.h; path = wsh_math.h; sourceTree = "<group>"; };
		572918D221C1B727009399DD /* wsh_tool_registry.h */ = {isa = PBXFileReference; lastKnownFileType = sourcecode.c.h; path = wsh_tool_registry.h; sourceTree = "<group>"; };
		572918D321C1B727009399DD /* wsh_tool_registry.c */ = {isa = PBXFileReference; lastKnownFileType = sourcecode.c.c; path = wsh_tool_registry.c; sourceTree = "<group>"; };
		5760D413205B2B13005A9373 /* wsh_color.h */ = {isa = PBXFileReference; fileEncoding = 4; lastKnownFileType = sourcecode.c.h; path = wsh_color.h; sourceTree = "<group>"; };
		5760D414205B2B13005A9373 /* wsh_color.c */ = {isa = PBXFileReference; fileEncoding = 4; lastKnownFileType = sourcecode.c.c; path = wsh_color.c; sourceTree = "<group>"; };
		5760D418205B2B57005A9373 /* wsh_line_ops.h */ = {isa = PBXFileReference; fileEncoding = 4; lastKnownFileType = sourcecode.c.h; path = wsh_line_ops.h; sourceTree = "<group>"; };
		5760D41A205B2B57005A9373 /* wsh_anl.c */ = {isa = PBXFileReference; fileEncoding = 4; lastKnownFileType = sourcecode.c.c; path = wsh_anl.c; sourceTree = "<group>"; };
		5760D41D205B2B57005A9373 /* wsh_line_ops.c */ = {isa = PBXFileReference; fileEncoding = 4; lastKnownFileType = sourcecode.c.c; path = wsh_line_ops.c; sourceTree = "<group>"; };
		5760D41E205B2B57005A9373 /* wsh_anl.h */ = {isa = PBXFileReference; fileEncoding = 4; lastKnownFileType = sourcecode.c.h; path = wsh_anl.h; sourceTree = "<group>"; };
		5760D432205B3F5C005A9373 /* wsh_tool.c */ = {isa = PBXFileReference; fileEncoding = 4; lastKnownFileType = sourcecode.c.c; path = wsh_tool.c; sourceTree = "<group>"; };
		5760D433205B3F5C005A9373 /* wsh_tool.h */ = {isa = PBXFileReference; fileEncoding = 4; lastKnownFileType = sourcecode.c.h; path = wsh_tool.h; sourceTree = "<group>"; };
		576359FC1EB3A57E00FF292C /* wsh_serial_json.c */ = {isa = PBXFileReference; fileEncoding = 4; lastKnownFileType = sourcecode.c.c; path = wsh_serial_json.c; sourceTree = "<group>"; };
		576359FD1EB3A57E00FF292C /* wsh_serial_json.h */ = {isa = PBXFileReference; fileEncoding = 4; lastKnownFileType = sourcecode.c.h; path = wsh_serial_json.h; sourceTree = "<group>"; };
		5767768A20AB52BE00479DE5 /* wsh_sequence_ops.h */ = {isa = PBXFileReference; fileEncoding = 4; lastKnownFileType = sourcecode.c.h; path = wsh_sequence_ops.h; sourceTree = "<group>"; };
		5767768B20AB52BE00479DE5 /* wsh_ops_point.h */ = {isa = PBXFileReference; fileEncoding = 4; lastKnownFileType = sourcecode.c.h; path = wsh_ops_point.h; sourceTree = "<group>"; };
		5767768C20AB52BE00479DE5 /* wsh_sequence_ops.c */ = {isa = PBXFileReference; fileEncoding = 4; lastKnownFileType = sourcecode.c.c; path = wsh_sequence_ops.c; sourceTree = "<group>"; };
		5767768D20AB52BE00479DE5 /* wsh_ops_point.c */ = {isa = PBXFileReference; fileEncoding = 4; lastKnownFileType = sourcecode.c.c; path = wsh_ops_point.c; sourceTree = "<group>"; };
		5779CDDC22223E1F0042485B /* wsh_log.c */ = {isa = PBXFileReference; fileEncoding = 4; lastKnownFileType = sourcecode.c.c; path = wsh_log.c; sourceTree = "<group>"; };
		5779CDDD22223E1F0042485B /* wsh_log.h */ = {isa = PBXFileReference; fileEncoding = 4; lastKnownFileType = sourcecode.c.h; path = wsh_log.h; sourceTree = "<group>"; };
		5781AFD32086B3A3003659FD /* wsh.c */ = {isa = PBXFileReference; fileEncoding = 4; lastKnownFileType = sourcecode.c.c; name = wsh.c; path = ../wsh.c; sourceTree = "<group>"; };
		5781AFD42086B3A3003659FD /* wsh.h */ = {isa = PBXFileReference; fileEncoding = 4; lastKnownFileType = sourcecode.c.h; name = wsh.h; path = ../wsh.h; sourceTree = "<group>"; };
		5781AFD72086B59D003659FD /* wsh_internal.h */ = {isa = PBXFileReference; lastKnownFileType = sourcecode.c.h; name = wsh_internal.h; path = ../wsh_internal.h; sourceTree = "<group>"; };
		5795CBBB1E5E7B3E0094BF85 /* wsh_io.c */ = {isa = PBXFileReference; fileEncoding = 4; lastKnownFileType = sourcecode.c.c; path = wsh_io.c; sourceTree = "<group>"; };
		5795CBBC1E5E7B3E0094BF85 /* wsh_io.h */ = {isa = PBXFileReference; fileEncoding = 4; lastKnownFileType = sourcecode.c.h; path = wsh_io.h; sourceTree = "<group>"; };
		57D8E27721C0427900892E0C /* wsh_gpc.c */ = {isa = PBXFileReference; fileEncoding = 4; lastKnownFileType = sourcecode.c.c; path = wsh_gpc.c; sourceTree = "<group>"; };
		57D8E27821C0427900892E0C /* wsh_player.c */ = {isa = PBXFileReference; fileEncoding = 4; lastKnownFileType = sourcecode.c.c; path = wsh_player.c; sourceTree = "<group>"; };
		57D8E27921C0427900892E0C /* wsh_gpc.h */ = {isa = PBXFileReference; fileEncoding = 4; lastKnownFileType = sourcecode.c.h; path = wsh_gpc.h; sourceTree = "<group>"; };
		57D8E27A21C0427900892E0C /* wsh_player.h */ = {isa = PBXFileReference; fileEncoding = 4; lastKnownFileType = sourcecode.c.h; path = wsh_player.h; sourceTree = "<group>"; };
		57F0DCFF1E4925C000949D90 /* libwsh.a */ = {isa = PBXFileReference; explicitFileType = archive.ar; includeInIndex = 0; path = libwsh.a; sourceTree = BUILT_PRODUCTS_DIR; };
		57F0DD621E49338700949D90 /* wsh_document.c */ = {isa = PBXFileReference; fileEncoding = 4; lastKnownFileType = sourcecode.c.c; path = wsh_document.c; sourceTree = "<group>"; };
		57F0DD631E49338700949D90 /* wsh_document.h */ = {isa = PBXFileReference; fileEncoding = 4; lastKnownFileType = sourcecode.c.h; path = wsh_document.h; sourceTree = "<group>"; };
		57F0DD661E49338700949D90 /* wsh_line.c */ = {isa = PBXFileReference; fileEncoding = 4; lastKnownFileType = sourcecode.c.c; path = wsh_line.c; sourceTree = "<group>"; };
		57F0DD671E49338700949D90 /* wsh_line.h */ = {isa = PBXFileReference; fileEncoding = 4; lastKnownFileType = sourcecode.c.h; path = wsh_line.h; sourceTree = "<group>"; };
		57F0DD6A1E49338700949D90 /* wsh_object.c */ = {isa = PBXFileReference; fileEncoding = 4; lastKnownFileType = sourcecode.c.c; path = wsh_object.c; sourceTree = "<group>"; };
		57F0DD6B1E49338700949D90 /* wsh_object.h */ = {isa = PBXFileReference; fileEncoding = 4; lastKnownFileType = sourcecode.c.h; path = wsh_object.h; sourceTree = "<group>"; };
		57F0DD6E1E49338700949D90 /* wsh_point.c */ = {isa = PBXFileReference; fileEncoding = 4; lastKnownFileType = sourcecode.c.c; path = wsh_point.c; sourceTree = "<group>"; };
		57F0DD6F1E49338700949D90 /* wsh_point.h */ = {isa = PBXFileReference; fileEncoding = 4; lastKnownFileType = sourcecode.c.h; path = wsh_point.h; sourceTree = "<group>"; };
		57F0DD721E49338700949D90 /* wsh_point_a.c */ = {isa = PBXFileReference; fileEncoding = 4; lastKnownFileType = sourcecode.c.c; path = wsh_point_a.c; sourceTree = "<group>"; };
		57F0DD731E49338700949D90 /* wsh_point_a.h */ = {isa = PBXFileReference; fileEncoding = 4; lastKnownFileType = sourcecode.c.h; path = wsh_point_a.h; sourceTree = "<group>"; };
		57F0DD761E49338700949D90 /* wsh_rect.c */ = {isa = PBXFileReference; fileEncoding = 4; lastKnownFileType = sourcecode.c.c; path = wsh_rect.c; sourceTree = "<group>"; };
		57F0DD771E49338700949D90 /* wsh_rect.h */ = {isa = PBXFileReference; fileEncoding = 4; lastKnownFileType = sourcecode.c.h; path = wsh_rect.h; sourceTree = "<group>"; };
		57F0DD7A1E49338700949D90 /* wsh_transform.c */ = {isa = PBXFileReference; fileEncoding = 4; lastKnownFileType = sourcecode.c.c; path = wsh_transform.c; sourceTree = "<group>"; };
		57F0DD7B1E49338700949D90 /* wsh_transform.h */ = {isa = PBXFileReference; fileEncoding = 4; lastKnownFileType = sourcecode.c.h; path = wsh_transform.h; sourceTree = "<group>"; };
		57F0DD801E49338700949D90 /* wsh_serial.c */ = {isa = PBXFileReference; fileEncoding = 4; lastKnownFileType = sourcecode.c.c; path = wsh_serial.c; sourceTree = "<group>"; };
		57F0DD811E49338700949D90 /* wsh_serial.h */ = {isa = PBXFileReference; fileEncoding = 4; lastKnownFileType = sourcecode.c.h; path = wsh_serial.h; sourceTree = "<group>"; };
		57F0DD841E49338700949D90 /* wsh_includes.h */ = {isa = PBXFileReference; fileEncoding = 4; lastKnownFileType = sourcecode.c.h; path = wsh_includes.h; sourceTree = "<group>"; };
		D1225D311EF32B56001CBC22 /* wsh_layer.c */ = {isa = PBXFileReference; fileEncoding = 4; lastKnownFileType = sourcecode.c.c; path = wsh_layer.c; sourceTree = "<group>"; };
		D1225D321EF32B56001CBC22 /* wsh_layer.h */ = {isa = PBXFileReference; fileEncoding = 4; lastKnownFileType = sourcecode.c.h; path = wsh_layer.h; sourceTree = "<group>"; };
		D16AB61A1E889FA2008B9072 /* wsh_serial.c */ = {isa = PBXFileReference; fileEncoding = 4; lastKnownFileType = sourcecode.c.c; path = wsh_serial.c; sourceTree = "<group>"; };
		D16AB61B1E889FA2008B9072 /* wsh_serial.h */ = {isa = PBXFileReference; fileEncoding = 4; lastKnownFileType = sourcecode.c.h; path = wsh_serial.h; sourceTree = "<group>"; };
		D16AB61E1E889FA2008B9072 /* wsh_serial_bin.c */ = {isa = PBXFileReference; fileEncoding = 4; lastKnownFileType = sourcecode.c.c; path = wsh_serial_bin.c; sourceTree = "<group>"; };
		D16AB61F1E889FA2008B9072 /* wsh_serial_bin.h */ = {isa = PBXFileReference; fileEncoding = 4; lastKnownFileType = sourcecode.c.h; path = wsh_serial_bin.h; sourceTree = "<group>"; };
		D16AB6211E889FA2008B9072 /* wsh_serial_json.c */ = {isa = PBXFileReference; fileEncoding = 4; lastKnownFileType = sourcecode.c.c; path = wsh_serial_json.c; sourceTree = "<group>"; };
		D16AB6221E889FA2008B9072 /* wsh_serial_json.h */ = {isa = PBXFileReference; fileEncoding = 4; lastKnownFileType = sourcecode.c.h; path = wsh_serial_json.h; sourceTree = "<group>"; };
		D16AB6301E88A1E9008B9072 /* wsh_sequence.c */ = {isa = PBXFileReference; fileEncoding = 4; lastKnownFileType = sourcecode.c.c; path = wsh_sequence.c; sourceTree = "<group>"; };
		D16AB6311E88A1E9008B9072 /* wsh_sequence.h */ = {isa = PBXFileReference; fileEncoding = 4; lastKnownFileType = sourcecode.c.h; path = wsh_sequence.h; sourceTree = "<group>"; };
/* End PBXFileReference section */

/* Begin PBXFrameworksBuildPhase section */
		57F0DCFC1E4925C000949D90 /* Frameworks */ = {
			isa = PBXFrameworksBuildPhase;
			buildActionMask = 2147483647;
			files = (
			);
			runOnlyForDeploymentPostprocessing = 0;
		};
/* End PBXFrameworksBuildPhase section */

/* Begin PBXGroup section */
		5760D412205B2B13005A9373 /* core */ = {
			isa = PBXGroup;
			children = (
				5760D414205B2B13005A9373 /* wsh_color.c */,
				5760D413205B2B13005A9373 /* wsh_color.h */,
				572918D321C1B727009399DD /* wsh_tool_registry.c */,
				572918D221C1B727009399DD /* wsh_tool_registry.h */,
				5760D432205B3F5C005A9373 /* wsh_tool.c */,
				5760D433205B3F5C005A9373 /* wsh_tool.h */,
			);
			path = core;
			sourceTree = "<group>";
		};
		5760D416205B2B57005A9373 /* util */ = {
			isa = PBXGroup;
			children = (
				5711BFC92061B5BB00DD36E0 /* wsh_math.h */,
				5767768D20AB52BE00479DE5 /* wsh_ops_point.c */,
				5767768B20AB52BE00479DE5 /* wsh_ops_point.h */,
				5767768C20AB52BE00479DE5 /* wsh_sequence_ops.c */,
				5767768A20AB52BE00479DE5 /* wsh_sequence_ops.h */,
				5760D418205B2B57005A9373 /* wsh_line_ops.h */,
				5760D41D205B2B57005A9373 /* wsh_line_ops.c */,
				5760D41E205B2B57005A9373 /* wsh_anl.h */,
				5760D41A205B2B57005A9373 /* wsh_anl.c */,
			);
			path = util;
			sourceTree = "<group>";
		};
		5795CBBA1E5E7B3E0094BF85 /* io */ = {
			isa = PBXGroup;
			children = (
				5779CDDC22223E1F0042485B /* wsh_log.c */,
				5779CDDD22223E1F0042485B /* wsh_log.h */,
				5795CBBB1E5E7B3E0094BF85 /* wsh_io.c */,
				5795CBBC1E5E7B3E0094BF85 /* wsh_io.h */,
			);
			path = io;
			sourceTree = "<group>";
		};
		57D8E27621C0427900892E0C /* ext */ = {
			isa = PBXGroup;
			children = (
				57D8E27721C0427900892E0C /* wsh_gpc.c */,
				57D8E27921C0427900892E0C /* wsh_gpc.h */,
				57D8E27821C0427900892E0C /* wsh_player.c */,
				57D8E27A21C0427900892E0C /* wsh_player.h */,
			);
			path = ext;
			sourceTree = "<group>";
		};
		57DFB0E91EB665EB00DDC1EF /* contrib */ = {
			isa = PBXGroup;
			children = (
				57DFB33D1EB665ED00DDC1EF /* src */,
			);
			name = contrib;
			path = ../../../contrib;
			sourceTree = "<group>";
		};
		57DFB33D1EB665ED00DDC1EF /* src */ = {
			isa = PBXGroup;
			children = (
			);
			path = src;
			sourceTree = "<group>";
		};
		57F0DCF61E4925C000949D90 = {
			isa = PBXGroup;
			children = (
				5781AFD32086B3A3003659FD /* wsh.c */,
				5781AFD42086B3A3003659FD /* wsh.h */,
				5781AFD72086B59D003659FD /* wsh_internal.h */,
				57DFB0E91EB665EB00DDC1EF /* contrib */,
				57F0DD5C1E49338700949D90 /* src */,
				57F0DD001E4925C000949D90 /* Products */,
			);
			sourceTree = "<group>";
		};
		57F0DD001E4925C000949D90 /* Products */ = {
			isa = PBXGroup;
			children = (
				57F0DCFF1E4925C000949D90 /* libwsh.a */,
			);
			name = Products;
			sourceTree = "<group>";
		};
		57F0DD5C1E49338700949D90 /* src */ = {
			isa = PBXGroup;
			children = (
				57D8E27621C0427900892E0C /* ext */,
				D16AB6191E889FA2008B9072 /* serial */,
				5760D412205B2B13005A9373 /* core */,
				5795CBBA1E5E7B3E0094BF85 /* io */,
				5760D416205B2B57005A9373 /* util */,
				57F0DD5D1E49338700949D90 /* geo */,
				57F0DD7F1E49338700949D90 /* serial */,
				57F0DD841E49338700949D90 /* wsh_includes.h */,
			);
			name = src;
			path = ../src;
			sourceTree = "<group>";
		};
		57F0DD5D1E49338700949D90 /* geo */ = {
			isa = PBXGroup;
			children = (
				D1225D311EF32B56001CBC22 /* wsh_layer.c */,
				D1225D321EF32B56001CBC22 /* wsh_layer.h */,
				D16AB6301E88A1E9008B9072 /* wsh_sequence.c */,
				D16AB6311E88A1E9008B9072 /* wsh_sequence.h */,
				57F0DD621E49338700949D90 /* wsh_document.c */,
				57F0DD631E49338700949D90 /* wsh_document.h */,
				57F0DD661E49338700949D90 /* wsh_line.c */,
				57F0DD671E49338700949D90 /* wsh_line.h */,
				57F0DD6A1E49338700949D90 /* wsh_object.c */,
				57F0DD6B1E49338700949D90 /* wsh_object.h */,
				57F0DD6E1E49338700949D90 /* wsh_point.c */,
				57F0DD6F1E49338700949D90 /* wsh_point.h */,
				57F0DD721E49338700949D90 /* wsh_point_a.c */,
				57F0DD731E49338700949D90 /* wsh_point_a.h */,
				57F0DD761E49338700949D90 /* wsh_rect.c */,
				57F0DD771E49338700949D90 /* wsh_rect.h */,
				57F0DD7A1E49338700949D90 /* wsh_transform.c */,
				57F0DD7B1E49338700949D90 /* wsh_transform.h */,
			);
			path = geo;
			sourceTree = "<group>";
		};
		57F0DD7F1E49338700949D90 /* serial */ = {
			isa = PBXGroup;
			children = (
				576359FC1EB3A57E00FF292C /* wsh_serial_json.c */,
				576359FD1EB3A57E00FF292C /* wsh_serial_json.h */,
				57F0DD801E49338700949D90 /* wsh_serial.c */,
				57F0DD811E49338700949D90 /* wsh_serial.h */,
			);
			path = serial;
			sourceTree = "<group>";
		};
		D16AB6191E889FA2008B9072 /* serial */ = {
			isa = PBXGroup;
			children = (
				D16AB61A1E889FA2008B9072 /* wsh_serial.c */,
				D16AB61B1E889FA2008B9072 /* wsh_serial.h */,
				D16AB61E1E889FA2008B9072 /* wsh_serial_bin.c */,
				D16AB61F1E889FA2008B9072 /* wsh_serial_bin.h */,
				D16AB6211E889FA2008B9072 /* wsh_serial_json.c */,
				D16AB6221E889FA2008B9072 /* wsh_serial_json.h */,
			);
			path = serial;
			sourceTree = "<group>";
		};
/* End PBXGroup section */

/* Begin PBXNativeTarget section */
		57F0DCFE1E4925C000949D90 /* wsh-ios */ = {
			isa = PBXNativeTarget;
			buildConfigurationList = 57F0DD081E4925C000949D90 /* Build configuration list for PBXNativeTarget "wsh-ios" */;
			buildPhases = (
				57F0DCFB1E4925C000949D90 /* Sources */,
				57F0DCFC1E4925C000949D90 /* Frameworks */,
				57F0DCFD1E4925C000949D90 /* CopyFiles */,
			);
			buildRules = (
			);
			dependencies = (
			);
			name = "wsh-ios";
			productName = "wsh-ios";
			productReference = 57F0DCFF1E4925C000949D90 /* libwsh.a */;
			productType = "com.apple.product-type.library.static";
		};
/* End PBXNativeTarget section */

/* Begin PBXProject section */
		57F0DCF71E4925C000949D90 /* Project object */ = {
			isa = PBXProject;
			attributes = {
				LastUpgradeCheck = 0930;
				ORGANIZATIONNAME = vaporstack;
				TargetAttributes = {
					57F0DCFE1E4925C000949D90 = {
						CreatedOnToolsVersion = 8.2.1;
						DevelopmentTeam = 42R5XUY266;
						ProvisioningStyle = Automatic;
					};
				};
			};
			buildConfigurationList = 57F0DCFA1E4925C000949D90 /* Build configuration list for PBXProject "wsh-ios" */;
			compatibilityVersion = "Xcode 3.2";
			developmentRegion = English;
			hasScannedForEncodings = 0;
			knownRegions = (
				en,
			);
			mainGroup = 57F0DCF61E4925C000949D90;
			productRefGroup = 57F0DD001E4925C000949D90 /* Products */;
			projectDirPath = "";
			projectRoot = "";
			targets = (
				57F0DCFE1E4925C000949D90 /* wsh-ios */,
			);
		};
/* End PBXProject section */

/* Begin PBXSourcesBuildPhase section */
		57F0DCFB1E4925C000949D90 /* Sources */ = {
			isa = PBXSourcesBuildPhase;
			buildActionMask = 2147483647;
			files = (
				57F0DD9B1E49338700949D90 /* wsh_rect.c in Sources */,
				57F0DD8C1E49338700949D90 /* wsh_document.c in Sources */,
				57F0DD951E49338700949D90 /* wsh_point.c in Sources */,
				57F0DD8F1E49338700949D90 /* wsh_line.c in Sources */,
				D1225D331EF32B56001CBC22 /* wsh_layer.c in Sources */,
				D16AB62C1E889FA2008B9072 /* wsh_serial_json.c in Sources */,
				5760D420205B2B57005A9373 /* wsh_anl.c in Sources */,
				5767768E20AB52BE00479DE5 /* wsh_sequence_ops.c in Sources */,
				57F0DD9E1E49338700949D90 /* wsh_transform.c in Sources */,
				D16AB6271E889FA2008B9072 /* wsh_serial.c in Sources */,
				57F0DD981E49338700949D90 /* wsh_point_a.c in Sources */,
				57F0DD921E49338700949D90 /* wsh_object.c in Sources */,
				5767768F20AB52BE00479DE5 /* wsh_ops_point.c in Sources */,
				5779CDDE22223E1F0042485B /* wsh_log.c in Sources */,
				57D8E27B21C0427900892E0C /* wsh_gpc.c in Sources */,
				572918D421C1B727009399DD /* wsh_tool_registry.c in Sources */,
				D16AB6321E88A1E9008B9072 /* wsh_sequence.c in Sources */,
				5781AFD52086B3A3003659FD /* wsh.c in Sources */,
				5760D434205B3F5C005A9373 /* wsh_tool.c in Sources */,
				5795CBBF1E5E7B3E0094BF85 /* wsh_io.c in Sources */,
				D16AB62A1E889FA2008B9072 /* wsh_serial_bin.c in Sources */,
				5760D422205B2B57005A9373 /* wsh_line_ops.c in Sources */,
				5760D415205B2B13005A9373 /* wsh_color.c in Sources */,
				57D8E27C21C0427900892E0C /* wsh_player.c in Sources */,
			);
			runOnlyForDeploymentPostprocessing = 0;
		};
/* End PBXSourcesBuildPhase section */

/* Begin XCBuildConfiguration section */
		57F0DD061E4925C000949D90 /* Debug */ = {
			isa = XCBuildConfiguration;
			buildSettings = {
				ALWAYS_SEARCH_USER_PATHS = NO;
				CLANG_ANALYZER_NONNULL = YES;
				CLANG_CXX_LANGUAGE_STANDARD = "gnu++0x";
				CLANG_CXX_LIBRARY = "libc++";
				CLANG_ENABLE_MODULES = YES;
				CLANG_ENABLE_OBJC_ARC = YES;
				CLANG_WARN_BLOCK_CAPTURE_AUTORELEASING = YES;
				CLANG_WARN_BOOL_CONVERSION = YES;
				CLANG_WARN_COMMA = YES;
				CLANG_WARN_CONSTANT_CONVERSION = YES;
				CLANG_WARN_DEPRECATED_OBJC_IMPLEMENTATIONS = YES;
				CLANG_WARN_DIRECT_OBJC_ISA_USAGE = YES_ERROR;
				CLANG_WARN_DOCUMENTATION_COMMENTS = YES;
				CLANG_WARN_EMPTY_BODY = YES;
				CLANG_WARN_ENUM_CONVERSION = YES;
				CLANG_WARN_INFINITE_RECURSION = YES;
				CLANG_WARN_INT_CONVERSION = YES;
				CLANG_WARN_NON_LITERAL_NULL_CONVERSION = YES;
				CLANG_WARN_OBJC_IMPLICIT_RETAIN_SELF = YES;
				CLANG_WARN_OBJC_LITERAL_CONVERSION = YES;
				CLANG_WARN_OBJC_ROOT_CLASS = YES_ERROR;
				CLANG_WARN_RANGE_LOOP_ANALYSIS = YES;
				CLANG_WARN_STRICT_PROTOTYPES = YES;
				CLANG_WARN_SUSPICIOUS_MOVE = YES;
				CLANG_WARN_UNREACHABLE_CODE = YES;
				CLANG_WARN__DUPLICATE_METHOD_MATCH = YES;
				"CODE_SIGN_IDENTITY[sdk=iphoneos*]" = "iPhone Developer";
				COPY_PHASE_STRIP = NO;
				DEBUG_INFORMATION_FORMAT = dwarf;
				ENABLE_STRICT_OBJC_MSGSEND = YES;
				ENABLE_TESTABILITY = YES;
				GCC_C_LANGUAGE_STANDARD = gnu99;
				GCC_DYNAMIC_NO_PIC = NO;
				GCC_NO_COMMON_BLOCKS = YES;
				GCC_OPTIMIZATION_LEVEL = 0;
				GCC_PREPROCESSOR_DEFINITIONS = (
					"DEBUG=1",
					"$(inherited)",
				);
				GCC_WARN_64_TO_32_BIT_CONVERSION = YES;
				GCC_WARN_ABOUT_RETURN_TYPE = YES_ERROR;
				GCC_WARN_UNDECLARED_SELECTOR = YES;
				GCC_WARN_UNINITIALIZED_AUTOS = YES_AGGRESSIVE;
				GCC_WARN_UNUSED_FUNCTION = YES;
				GCC_WARN_UNUSED_VARIABLE = YES;
				IPHONEOS_DEPLOYMENT_TARGET = 8.0;
				MTL_ENABLE_DEBUG_INFO = YES;
				ONLY_ACTIVE_ARCH = YES;
				SDKROOT = iphoneos;
				SYMROOT = ../../../build;
			};
			name = Debug;
		};
		57F0DD071E4925C000949D90 /* Release */ = {
			isa = XCBuildConfiguration;
			buildSettings = {
				ALWAYS_SEARCH_USER_PATHS = NO;
				CLANG_ANALYZER_NONNULL = YES;
				CLANG_CXX_LANGUAGE_STANDARD = "gnu++0x";
				CLANG_CXX_LIBRARY = "libc++";
				CLANG_ENABLE_MODULES = YES;
				CLANG_ENABLE_OBJC_ARC = YES;
				CLANG_WARN_BLOCK_CAPTURE_AUTORELEASING = YES;
				CLANG_WARN_BOOL_CONVERSION = YES;
				CLANG_WARN_COMMA = YES;
				CLANG_WARN_CONSTANT_CONVERSION = YES;
				CLANG_WARN_DEPRECATED_OBJC_IMPLEMENTATIONS = YES;
				CLANG_WARN_DIRECT_OBJC_ISA_USAGE = YES_ERROR;
				CLANG_WARN_DOCUMENTATION_COMMENTS = YES;
				CLANG_WARN_EMPTY_BODY = YES;
				CLANG_WARN_ENUM_CONVERSION = YES;
				CLANG_WARN_INFINITE_RECURSION = YES;
				CLANG_WARN_INT_CONVERSION = YES;
				CLANG_WARN_NON_LITERAL_NULL_CONVERSION = YES;
				CLANG_WARN_OBJC_IMPLICIT_RETAIN_SELF = YES;
				CLANG_WARN_OBJC_LITERAL_CONVERSION = YES;
				CLANG_WARN_OBJC_ROOT_CLASS = YES_ERROR;
				CLANG_WARN_RANGE_LOOP_ANALYSIS = YES;
				CLANG_WARN_STRICT_PROTOTYPES = YES;
				CLANG_WARN_SUSPICIOUS_MOVE = YES;
				CLANG_WARN_UNREACHABLE_CODE = YES;
				CLANG_WARN__DUPLICATE_METHOD_MATCH = YES;
				"CODE_SIGN_IDENTITY[sdk=iphoneos*]" = "iPhone Developer";
				COPY_PHASE_STRIP = NO;
				DEBUG_INFORMATION_FORMAT = "dwarf-with-dsym";
				ENABLE_NS_ASSERTIONS = NO;
				ENABLE_STRICT_OBJC_MSGSEND = YES;
				GCC_C_LANGUAGE_STANDARD = gnu99;
				GCC_NO_COMMON_BLOCKS = YES;
				GCC_WARN_64_TO_32_BIT_CONVERSION = YES;
				GCC_WARN_ABOUT_RETURN_TYPE = YES_ERROR;
				GCC_WARN_UNDECLARED_SELECTOR = YES;
				GCC_WARN_UNINITIALIZED_AUTOS = YES_AGGRESSIVE;
				GCC_WARN_UNUSED_FUNCTION = YES;
				GCC_WARN_UNUSED_VARIABLE = YES;
				IPHONEOS_DEPLOYMENT_TARGET = 8.0;
				MTL_ENABLE_DEBUG_INFO = NO;
				SDKROOT = iphoneos;
				SYMROOT = ../../../build;
				VALIDATE_PRODUCT = YES;
			};
			name = Release;
		};
		57F0DD091E4925C000949D90 /* Debug */ = {
			isa = XCBuildConfiguration;
			buildSettings = {
				DEVELOPMENT_TEAM = 42R5XUY266;
				HEADER_SEARCH_PATHS = (
					"$(r4_root)/contrib/src",
					"$(r4_root)/libs",
					"$(r4_root)/contrib",
					../../../contrib/deps,
					../../../contrib/include,
				);
				IPHONEOS_DEPLOYMENT_TARGET = 8.0;
				OTHER_LDFLAGS = "-ObjC";
				PRODUCT_NAME = wsh;
				SKIP_INSTALL = YES;
				SYMROOT = ../../../build;
				r4_root = "$(HOME)/art/r4";
			};
			name = Debug;
		};
		57F0DD0A1E4925C000949D90 /* Release */ = {
			isa = XCBuildConfiguration;
			buildSettings = {
				DEVELOPMENT_TEAM = 42R5XUY266;
				HEADER_SEARCH_PATHS = (
					"$(r4_root)/contrib/src",
					"$(r4_root)/libs",
					"$(r4_root)/contrib",
					../../../contrib/deps,
					../../../contrib/include,
				);
				IPHONEOS_DEPLOYMENT_TARGET = 8.0;
				OTHER_LDFLAGS = "-ObjC";
				PRODUCT_NAME = wsh;
				SKIP_INSTALL = YES;
				SYMROOT = ../../../build;
				r4_root = "$(HOME)/art/r4";
			};
			name = Release;
		};
/* End XCBuildConfiguration section */

/* Begin XCConfigurationList section */
		57F0DCFA1E4925C000949D90 /* Build configuration list for PBXProject "wsh-ios" */ = {
			isa = XCConfigurationList;
			buildConfigurations = (
				57F0DD061E4925C000949D90 /* Debug */,
				57F0DD071E4925C000949D90 /* Release */,
			);
			defaultConfigurationIsVisible = 0;
			defaultConfigurationName = Release;
		};
		57F0DD081E4925C000949D90 /* Build configuration list for PBXNativeTarget "wsh-ios" */ = {
			isa = XCConfigurationList;
			buildConfigurations = (
				57F0DD091E4925C000949D90 /* Debug */,
				57F0DD0A1E4925C000949D90 /* Release */,
			);
			defaultConfigurationIsVisible = 0;
			defaultConfigurationName = Release;
		};
/* End XCConfigurationList section */
	};
	rootObject = 57F0DCF71E4925C000949D90 /* Project object */;
}
